<?xml version="1.0" encoding="utf-8"?>
<Project ToolsVersion="4.0" xmlns="http://schemas.microsoft.com/developer/msbuild/2003">
  <ItemGroup>
    <Filter Include="Engine">
      <UniqueIdentifier>{7BFA3072-1C5E-726F-F17E-3F972237A82C}</UniqueIdentifier>
    </Filter>
    <Filter Include="Engine\Launch">
      <UniqueIdentifier>{1BD212AD-6CCD-A844-F430-5315F0EFEC0B}</UniqueIdentifier>
    </Filter>
    <Filter Include="Engine\ThirdParty\Assimp">
      <UniqueIdentifier>{A4E34207-AF94-65D0-074B-6622D012A5A3}</UniqueIdentifier>
    </Filter>
    <Filter Include="Engine\ThirdParty\NvCloth">
      <UniqueIdentifier>{24F0FCBB-3596-3020-CFE4-9BA039DA2BD2}</UniqueIdentifier>
    </Filter>
    <Filter Include="Engine\ThirdParty\MemTracer">
      <UniqueIdentifier>{BAD1D7F8-C546-AF4F-2638-1CF70C892795}</UniqueIdentifier>
    </Filter>
    <Filter Include="Engine\ThirdParty\ImGui">
      <UniqueIdentifier>{A96F39E2-93FD-3BAA-7A68-8A85FBD06033}</UniqueIdentifier>
    </Filter>
    <Filter Include="Engine\ThirdParty">
      <UniqueIdentifier>{BD2E4F53-C91C-D791-8344-5E6BE6FB5F98}</UniqueIdentifier>
    </Filter>
    <Filter Include="Engine\ThirdParty\RenderDoc">
      <UniqueIdentifier>{2CB0039B-375F-35EB-4E9B-CB7FD5A7DD03}</UniqueIdentifier>
    </Filter>
    <Filter Include="Engine\ThirdParty\ImGui\ImPlot">
      <UniqueIdentifier>{AB6921B0-2278-92F3-833B-FF5D1102C2DA}</UniqueIdentifier>
    </Filter>
    <Filter Include="Engine\ThirdParty\Remidi">
      <UniqueIdentifier>{6FB0B6E6-3ACF-D471-1BF8-05DB0CE74F35}</UniqueIdentifier>
    </Filter>
    <Filter Include="Engine\ThirdParty\OneTBB">
      <UniqueIdentifier>{560A30DC-D74B-FEA3-EEFF-D56AD3080028}</UniqueIdentifier>
    </Filter>
    <Filter Include="Engine\ThirdParty\Python37">
      <UniqueIdentifier>{F26B074D-E6D6-BB69-9A76-DE274395CC6C}</UniqueIdentifier>
    </Filter>
    <Filter Include="Engine\ThirdParty\Physx4">
      <UniqueIdentifier>{61EB05D5-5FFF-9D0A-9737-F15A0163F53A}</UniqueIdentifier>
    </Filter>
    <Filter Include="Engine\ThirdParty\STB">
      <UniqueIdentifier>{D5C085CC-D395-9E6A-BDE8-C5A433015548}</UniqueIdentifier>
    </Filter>
    <Filter Include="Engine\ThirdParty\Live2DCubism">
      <UniqueIdentifier>{9B71D145-777B-C165-C322-4D59BA0A942F}</UniqueIdentifier>
    </Filter>
    <Filter Include="Engine\ThirdParty\Spine">
      <UniqueIdentifier>{273D208C-83E7-45EF-BA0E-D08B1F0451C0}</UniqueIdentifier>
    </Filter>
    <Filter Include="Engine\ThirdParty\OpenAlSoft">
      <UniqueIdentifier>{060F9E6A-FF0F-2311-1035-4DBCE9C214FD}</UniqueIdentifier>
    </Filter>
    <Filter Include="Engine\Icon">
      <UniqueIdentifier>{97C6A8B5-90C4-1E65-B64E-98C5CA5EA382}</UniqueIdentifier>
    </Filter>
  </ItemGroup>
  <ItemGroup>
    <ClInclude Include="../../Engine/ThirdParty/STB/stb_image.h">
      <Filter>Engine\ThirdParty\STB</Filter>
    </ClInclude>
    <ClInclude Include="../../Engine/ThirdParty/STB/stb_image_resize.h">
      <Filter>Engine\ThirdParty\STB</Filter>
    </ClInclude>
    <ClInclude Include="resource.h">
    </ClInclude>
    <ClInclude Include="../../Engine/ThirdParty/STB/stb_image_write.h">
      <Filter>Engine\ThirdParty\STB</Filter>
    </ClInclude>
  </ItemGroup>
  <ItemGroup>
    <ClCompile Include="initial.cpp">
    </ClCompile>
    <ClCompile Include="../../Engine/Launch/Launch.cpp">
      <Filter>Engine\Launch</Filter>
    </ClCompile>
  </ItemGroup>
  <ItemGroup>
    <None Include="../../Engine/ThirdParty/Spine/Spine.Module.py">
      <Filter>Engine\ThirdParty\Spine</Filter>
    </None>
    <None Include="../../Engine/Launch/Launch.Module.py">
      <Filter>Engine\Launch</Filter>
    </None>
    <None Include="../../Engine/ThirdParty/RenderDoc/RenderDoc.Module.py">
      <Filter>Engine\ThirdParty\RenderDoc</Filter>
    </None>
    <None Include="../../Engine/ThirdParty/Assimp/Assimp.Module.py">
      <Filter>Engine\ThirdParty\Assimp</Filter>
    </None>
    <None Include="../../Engine/ThirdParty/Live2DCubism/Live2DCubism.Module.py">
      <Filter>Engine\ThirdParty\Live2DCubism</Filter>
    </None>
    <None Include="../../Engine/ThirdParty/OneTBB/OneTBB.Module.py">
      <Filter>Engine\ThirdParty\OneTBB</Filter>
    </None>
    <None Include="../../Engine/ThirdParty/ImGui/ImGui.Module.py">
      <Filter>Engine\ThirdParty\ImGui</Filter>
    </None>
    <None Include="../../Engine/Icon/Logo.ico">
      <Filter>Engine\Icon</Filter>
    </None>
    <None Include="../../Engine/ThirdParty/ImGui/ImPlot/ImPlot.Module.py">
      <Filter>Engine\ThirdParty\ImGui\ImPlot</Filter>
    </None>
    <None Include="../../Engine/ThirdParty/Remidi/Remidi.Module.py">
      <Filter>Engine\ThirdParty\Remidi</Filter>
    </None>
    <None Include="../../Engine/ThirdParty/NvCloth/NvCloth.Module.py">
      <Filter>Engine\ThirdParty\NvCloth</Filter>
    </None>
    <None Include="../../Engine/Engine.Module.py">
      <Filter>Engine</Filter>
    </None>
    <None Include="../../Engine/ThirdParty/STB/STB.Module.py">
      <Filter>Engine\ThirdParty\STB</Filter>
    </None>
    <None Include="../../Engine/ThirdParty/OpenAlSoft/OpenAlSoft.Module.py">
      <Filter>Engine\ThirdParty\OpenAlSoft</Filter>
    </None>
    <None Include="../../Engine/ThirdParty/MemTracer/MemTracer.Module.py">
      <Filter>Engine\ThirdParty\MemTracer</Filter>
    </None>
    <None Include="../../Engine/ThirdParty/Physx4/Physx4.Module.py">
      <Filter>Engine\ThirdParty\Physx4</Filter>
    </None>
    <None Include="../../Engine/ThirdParty/Python37/Python37.Module.py">
      <Filter>Engine\ThirdParty\Python37</Filter>
    </None>
    <None Include="Editor.Target.py">
    </None>
    <None Include="Editor.Module.py">
    </None>
  </ItemGroup>
</Project>
