<?xml version="1.0" encoding="utf-8"?>
<Project ToolsVersion="4.0" xmlns="http://schemas.microsoft.com/developer/msbuild/2003">
  <ItemGroup>
    <Filter Include="源文件">
      <UniqueIdentifier>{4FC737F1-C7A5-4376-A066-2A32D752A2FF}</UniqueIdentifier>
      <Extensions>cpp;c;cc;cxx;c++;cppm;ixx;def;odl;idl;hpj;bat;asm;asmx</Extensions>
    </Filter>
    <Filter Include="头文件">
      <UniqueIdentifier>{93995380-89BD-4b04-88EB-625FBE52EBFB}</UniqueIdentifier>
      <Extensions>h;hh;hpp;hxx;h++;hm;inl;inc;ipp;xsd</Extensions>
    </Filter>
    <Filter Include="资源文件">
      <UniqueIdentifier>{67DA6AB6-F800-4c08-8B7A-83BB121AAD01}</UniqueIdentifier>
      <Extensions>rc;ico;cur;bmp;dlg;rc2;rct;bin;rgs;gif;jpg;jpeg;jpe;resx;tiff;tif;png;wav;mfcribbon-ms</Extensions>
    </Filter>
    <Filter Include="头文件\ThirdParty">
      <UniqueIdentifier>{369c32d0-2e6c-4fa8-bf12-5dd96c698c82}</UniqueIdentifier>
    </Filter>
    <Filter Include="头文件\ThirdParty\ImGui">
      <UniqueIdentifier>{47b55a7a-9991-4e87-9685-601362713af2}</UniqueIdentifier>
    </Filter>
    <Filter Include="头文件\ThirdParty\STB">
      <UniqueIdentifier>{933facd8-57f5-48b5-a118-8bf7a3b02a4b}</UniqueIdentifier>
    </Filter>
    <Filter Include="源文件\ThirdParty">
      <UniqueIdentifier>{2aefd0e1-98b2-4f72-b5be-14cef4ba6023}</UniqueIdentifier>
    </Filter>
    <Filter Include="源文件\ThirdParty\ImGui">
      <UniqueIdentifier>{13952b90-e846-4259-a4e2-9c8e081014da}</UniqueIdentifier>
    </Filter>
    <Filter Include="头文件\Core">
      <UniqueIdentifier>{e686d319-cde4-4041-bd81-f0788ea64899}</UniqueIdentifier>
    </Filter>
    <Filter Include="源文件\Core">
      <UniqueIdentifier>{547d2df8-0f7a-4c1e-bda3-124093a67cf0}</UniqueIdentifier>
    </Filter>
    <Filter Include="源文件\Vendors">
      <UniqueIdentifier>{f11c8471-19de-47e4-80a4-59d8d86e164a}</UniqueIdentifier>
    </Filter>
    <Filter Include="源文件\Vendors\DX11">
      <UniqueIdentifier>{b9dc1617-ad30-4076-8e05-ffd4cde9eb0a}</UniqueIdentifier>
    </Filter>
    <Filter Include="头文件\Vendors">
      <UniqueIdentifier>{4d3f5fed-868d-4c7c-a7c9-1fe2f933d96e}</UniqueIdentifier>
    </Filter>
    <Filter Include="头文件\Vendors\DX11">
      <UniqueIdentifier>{6b41ebf2-c0a8-46b7-9ec2-c64ba460eed9}</UniqueIdentifier>
    </Filter>
  </ItemGroup>
  <ItemGroup>
    <ClInclude Include="ThirdParty\ImGui\imconfig.h">
      <Filter>头文件\ThirdParty\ImGui</Filter>
    </ClInclude>
    <ClInclude Include="ThirdParty\ImGui\imgui.h">
      <Filter>头文件\ThirdParty\ImGui</Filter>
    </ClInclude>
    <ClInclude Include="ThirdParty\ImGui\imgui_internal.h">
      <Filter>头文件\ThirdParty\ImGui</Filter>
    </ClInclude>
    <ClInclude Include="ThirdParty\ImGui\imgui_stdlib.h">
      <Filter>头文件\ThirdParty\ImGui</Filter>
    </ClInclude>
    <ClInclude Include="ThirdParty\ImGui\imstb_textedit.h">
      <Filter>头文件\ThirdParty\ImGui</Filter>
    </ClInclude>
    <ClInclude Include="ThirdParty\ImGui\imstb_rectpack.h">
      <Filter>头文件\ThirdParty\ImGui</Filter>
    </ClInclude>
    <ClInclude Include="ThirdParty\ImGui\imstb_truetype.h">
      <Filter>头文件\ThirdParty\ImGui</Filter>
    </ClInclude>
    <ClInclude Include="ThirdParty\STB\stb_image.h">
      <Filter>头文件\ThirdParty\STB</Filter>
    </ClInclude>
    <ClInclude Include="ThirdParty\STB\stb_image_write.h">
      <Filter>头文件\ThirdParty\STB</Filter>
    </ClInclude>
    <ClInclude Include="ThirdParty\ImGui\ImGuizmo.h">
      <Filter>头文件\ThirdParty\ImGui</Filter>
    </ClInclude>
    <ClInclude Include="Core\Brane.h">
      <Filter>头文件\Core</Filter>
    </ClInclude>
    <ClInclude Include="Core\Config.h">
      <Filter>头文件\Core</Filter>
    </ClInclude>
    <ClInclude Include="Core\Console.h">
      <Filter>头文件\Core</Filter>
    </ClInclude>
    <ClInclude Include="Core\Events.h">
      <Filter>头文件\Core</Filter>
    </ClInclude>
    <ClInclude Include="Core\Object.h">
      <Filter>头文件\Core</Filter>
    </ClInclude>
    <ClInclude Include="Core\Unit.h">
      <Filter>头文件\Core</Filter>
    </ClInclude>
    <ClInclude Include="Core\Serialization.h">
      <Filter>头文件\Core</Filter>
    </ClInclude>
    <ClInclude Include="Core\MathLibrary.h">
      <Filter>头文件\Core</Filter>
    </ClInclude>
    <ClInclude Include="Core\Shape.h">
      <Filter>头文件\Core</Filter>
    </ClInclude>
    <ClInclude Include="Core\Transform.h">
      <Filter>头文件\Core</Filter>
    </ClInclude>
    <ClInclude Include="Core\Camera.h">
      <Filter>头文件\Core</Filter>
    </ClInclude>
    <ClInclude Include="Core\CameraRender.h">
      <Filter>头文件\Core</Filter>
    </ClInclude>
    <ClInclude Include="Core\Render.h">
      <Filter>头文件\Core</Filter>
    </ClInclude>
    <ClInclude Include="Core\Asset.h">
      <Filter>头文件\Core</Filter>
    </ClInclude>
    <ClInclude Include="Core\Engine.h">
      <Filter>头文件\Core</Filter>
    </ClInclude>
    <ClInclude Include="Core\Input.h">
      <Filter>头文件\Core</Filter>
    </ClInclude>
    <ClInclude Include="Core\IRendering.h">
      <Filter>头文件\Core</Filter>
    </ClInclude>
    <ClInclude Include="Core\ITexture.h">
      <Filter>头文件\Core</Filter>
    </ClInclude>
    <ClInclude Include="Core\IVendor.h">
      <Filter>头文件\Core</Filter>
    </ClInclude>
    <ClInclude Include="Core\SkeletonMesh.h">
      <Filter>头文件\Core</Filter>
    </ClInclude>
    <ClInclude Include="Core\World.h">
      <Filter>头文件\Core</Filter>
    </ClInclude>
    <ClInclude Include="Vendors\DX11\DX11Vendor.h">
      <Filter>头文件\Vendors\DX11</Filter>
    </ClInclude>
    <ClInclude Include="Vendors\DX11\DX11.h">
      <Filter>头文件\Vendors\DX11</Filter>
    </ClInclude>
    <ClInclude Include="Vendors\DX11\DX11Texture2D.h">
      <Filter>头文件\Vendors\DX11</Filter>
    </ClInclude>
    <ClInclude Include="Vendors\DX11\imgui_impl_dx11.h">
      <Filter>头文件\Vendors\DX11</Filter>
    </ClInclude>
    <ClInclude Include="resource.h">
      <Filter>头文件</Filter>
    </ClInclude>
    <ClInclude Include="Core\Texture2D.h">
      <Filter>头文件\Core</Filter>
    </ClInclude>
    <ClInclude Include="Core\Material.h">
      <Filter>头文件\Core</Filter>
    </ClInclude>
    <ClInclude Include="Core\Mesh.h">
      <Filter>头文件\Core</Filter>
    </ClInclude>
    <ClInclude Include="Core\Shader.h">
      <Filter>头文件\Core</Filter>
    </ClInclude>
    <ClInclude Include="Core\ShaderStage.h">
      <Filter>头文件\Core</Filter>
    </ClInclude>
    <ClInclude Include="Core\Texture.h">
      <Filter>头文件\Core</Filter>
    </ClInclude>
    <ClInclude Include="Vendors\DX11\DX11ShaderStage.h">
      <Filter>头文件</Filter>
    </ClInclude>
    <ClInclude Include="Core\RenderTarget.h">
      <Filter>头文件</Filter>
    </ClInclude>
    <ClInclude Include="Core\IMaterial.h">
      <Filter>头文件</Filter>
    </ClInclude>
    <ClInclude Include="Core\GPUBuffer.h">
      <Filter>头文件</Filter>
    </ClInclude>
    <ClInclude Include="Core\IGPUBuffer.h">
      <Filter>头文件</Filter>
    </ClInclude>
    <ClInclude Include="Vendors\DX11\DX11GPUBuffer.h">
      <Filter>头文件</Filter>
    </ClInclude>
    <ClInclude Include="Vendors\DX11\DX11Material.h">
      <Filter>头文件</Filter>
    </ClInclude>
    <ClInclude Include="Core\IRenderTarget.h">
      <Filter>头文件</Filter>
    </ClInclude>
    <ClInclude Include="Vendors\DX11\DX11RenderTarget.h">
      <Filter>头文件</Filter>
    </ClInclude>
    <ClInclude Include="Core\Geometry.h">
      <Filter>头文件</Filter>
    </ClInclude>
    <ClInclude Include="Core\Importer.h">
      <Filter>头文件</Filter>
    </ClInclude>
    <ClInclude Include="Vendors\DX11\DX11MeshData.h">
      <Filter>头文件</Filter>
    </ClInclude>
    <ClInclude Include="Core\MeshData.h">
      <Filter>头文件</Filter>
    </ClInclude>
    <ClInclude Include="Core\SkeletonMeshData.h">
      <Filter>头文件</Filter>
    </ClInclude>
    <ClInclude Include="Vendors\DX11\DX11SkeletonMeshData.h">
      <Filter>头文件</Filter>
    </ClInclude>
    <ClInclude Include="Core\RenderPool.h">
      <Filter>头文件</Filter>
    </ClInclude>
    <ClInclude Include="Core\RenderCommandList.h">
      <Filter>头文件</Filter>
    </ClInclude>
    <ClInclude Include="Core\GUI\GUI.h">
      <Filter>头文件</Filter>
    </ClInclude>
    <ClInclude Include="Core\GUI\UIControl.h">
      <Filter>头文件</Filter>
    </ClInclude>
    <ClInclude Include="Core\GUI\UIWindow.h">
      <Filter>头文件</Filter>
    </ClInclude>
    <ClInclude Include="Core\PointLight.h">
      <Filter>头文件</Filter>
    </ClInclude>
    <ClInclude Include="Core\DirectLight.h">
      <Filter>头文件</Filter>
    </ClInclude>
    <ClInclude Include="Core\Light.h">
      <Filter>头文件</Filter>
    </ClInclude>
    <ClInclude Include="Core\ShadowCameraRender.h">
      <Filter>头文件</Filter>
    </ClInclude>
    <ClInclude Include="Core\ShadowCamera.h">
      <Filter>头文件</Filter>
    </ClInclude>
    <ClInclude Include="Vendors\DX11\DX11RenderExecution.h">
      <Filter>头文件</Filter>
    </ClInclude>
    <ClInclude Include="Core\IRenderExecution.h">
      <Filter>头文件</Filter>
    </ClInclude>
    <ClInclude Include="Core\StaticVar.h">
      <Filter>头文件</Filter>
    </ClInclude>
    <ClInclude Include="Core\GUI\AssetBrowser.h">
      <Filter>头文件</Filter>
    </ClInclude>
    <ClInclude Include="Core\GUI\AssetLoadWindow.h">
      <Filter>头文件</Filter>
    </ClInclude>
    <ClInclude Include="Core\GUI\BlendSpaceWindow.h">
      <Filter>头文件</Filter>
    </ClInclude>
    <ClInclude Include="Core\GUI\ConsoleWindow.h">
      <Filter>头文件</Filter>
    </ClInclude>
    <ClInclude Include="Core\GUI\DebugLogWindow.h">
      <Filter>头文件</Filter>
    </ClInclude>
    <ClInclude Include="Core\GUI\EditorWindow.h">
      <Filter>头文件</Filter>
    </ClInclude>
    <ClInclude Include="Core\GUI\InspectorWindow.h">
      <Filter>头文件</Filter>
    </ClInclude>
    <ClInclude Include="Core\GUI\MaterialWindow.h">
      <Filter>头文件</Filter>
    </ClInclude>
    <ClInclude Include="Core\GUI\TextureViewer.h">
      <Filter>头文件</Filter>
    </ClInclude>
    <ClInclude Include="Core\GUI\SerializationEditor.h">
      <Filter>头文件</Filter>
    </ClInclude>
    <ClInclude Include="Core\Actor.h">
      <Filter>头文件</Filter>
    </ClInclude>
    <ClInclude Include="Core\GrassMeshActor.h">
      <Filter>头文件</Filter>
    </ClInclude>
    <ClInclude Include="Core\MeshActor.h">
      <Filter>头文件</Filter>
    </ClInclude>
    <ClInclude Include="Core\MeshRender.h">
      <Filter>头文件</Filter>
    </ClInclude>
    <ClInclude Include="Core\SkeletonMeshActor.h">
      <Filter>头文件</Filter>
    </ClInclude>
    <ClInclude Include="Core\SkeletonMeshRender.h">
      <Filter>头文件</Filter>
    </ClInclude>
    <ClInclude Include="Core\Bone.h">
      <Filter>头文件</Filter>
    </ClInclude>
    <ClInclude Include="Cameras\DebugCamera.h">
      <Filter>头文件</Filter>
    </ClInclude>
    <ClInclude Include="Actors\SkySphere.h">
      <Filter>头文件</Filter>
    </ClInclude>
    <ClInclude Include="Core\PostProcess\PostProcessCameraRender.h">
      <Filter>头文件</Filter>
    </ClInclude>
    <ClInclude Include="Core\PostProcess\PostProcessGraph.h">
      <Filter>头文件</Filter>
    </ClInclude>
    <ClInclude Include="Core\PostProcess\PostProcessingCamera.h">
      <Filter>头文件</Filter>
    </ClInclude>
    <ClInclude Include="Core\PostProcess\PostProcessPass.h">
      <Filter>头文件</Filter>
    </ClInclude>
    <ClInclude Include="Core\PostProcess\BlitPass.h">
      <Filter>头文件</Filter>
    </ClInclude>
    <ClInclude Include="Core\PostProcess\BloomPass.h">
      <Filter>头文件</Filter>
    </ClInclude>
    <ClInclude Include="Core\PostProcess\DOFPass.h">
      <Filter>头文件</Filter>
    </ClInclude>
    <ClInclude Include="Core\PostProcess\SSAOPass.h">
      <Filter>头文件</Filter>
    </ClInclude>
    <ClInclude Include="Core\PostProcess\ToneMapPass.h">
      <Filter>头文件</Filter>
    </ClInclude>
    <ClInclude Include="Core\AudioSource.h">
      <Filter>头文件</Filter>
    </ClInclude>
    <ClInclude Include="Core\GUI\MatBranchModifier.h">
      <Filter>头文件</Filter>
    </ClInclude>
    <ClInclude Include="Core\GUI\ESCMenu.h">
      <Filter>头文件</Filter>
    </ClInclude>
    <ClInclude Include="Actors\VehicleActor.h">
      <Filter>头文件</Filter>
    </ClInclude>
    <ClInclude Include="Actors\GunTowerActor.h">
      <Filter>头文件</Filter>
    </ClInclude>
    <ClInclude Include="Core\ParticleSystem.h">
      <Filter>头文件</Filter>
    </ClInclude>
    <ClInclude Include="Core\ParticleEmitter.h">
      <Filter>头文件</Filter>
    </ClInclude>
    <ClInclude Include="Core\WUI\WUIViewPort.h">
      <Filter>头文件</Filter>
    </ClInclude>
    <ClInclude Include="Core\WUI\HelpUI.h">
      <Filter>头文件</Filter>
    </ClInclude>
    <ClInclude Include="Core\WUI\LoadingUI.h">
      <Filter>头文件</Filter>
    </ClInclude>
    <ClInclude Include="Core\WUI\WUIButton.h">
      <Filter>头文件</Filter>
    </ClInclude>
    <ClInclude Include="Core\WUI\WUIControl.h">
      <Filter>头文件</Filter>
    </ClInclude>
    <ClInclude Include="Core\WUI\WUIESCMenu.h">
      <Filter>头文件</Filter>
    </ClInclude>
    <ClInclude Include="Core\WUI\WUIFont.h">
      <Filter>头文件</Filter>
    </ClInclude>
    <ClInclude Include="Core\WUI\WUILabel.h">
      <Filter>头文件</Filter>
    </ClInclude>
    <ClInclude Include="Core\Delegate.h">
      <Filter>头文件</Filter>
    </ClInclude>
    <ClInclude Include="Tool\AnimationConverter\AnimationConverter.h">
      <Filter>头文件</Filter>
    </ClInclude>
    <ClInclude Include="Tool\AnimationConverter\MMDCpp14.h">
      <Filter>头文件</Filter>
    </ClInclude>
    <ClInclude Include="Tool\AnimationConverter\MMDPmxParser.h">
      <Filter>头文件</Filter>
    </ClInclude>
    <ClInclude Include="Tool\AnimationConverter\MMDVmdParser.h">
      <Filter>头文件</Filter>
    </ClInclude>
    <ClInclude Include="Tool\ToolShelf.h">
      <Filter>头文件</Filter>
    </ClInclude>
    <ClInclude Include="Tool\AnimationConverter\utf8\checked.h">
      <Filter>头文件</Filter>
    </ClInclude>
    <ClInclude Include="Tool\AnimationConverter\utf8\core.h">
      <Filter>头文件</Filter>
    </ClInclude>
    <ClInclude Include="Tool\AnimationConverter\utf8\unchecked.h">
      <Filter>头文件</Filter>
    </ClInclude>
    <ClInclude Include="Tool\AnimationConverter\utf8\utf8.h">
      <Filter>头文件</Filter>
    </ClInclude>
    <ClInclude Include="Tool\AnimationConverter\utf8\SJ2UTF8Table.h">
      <Filter>头文件</Filter>
    </ClInclude>
    <ClInclude Include="Core\GUI\PhysicsDebug.h">
      <Filter>头文件</Filter>
    </ClInclude>
    <ClInclude Include="Core\Script\PythonManager.h">
      <Filter>头文件</Filter>
    </ClInclude>
    <ClInclude Include="Core\Script\PythonScript.h">
      <Filter>头文件</Filter>
    </ClInclude>
    <ClInclude Include="Core\Script\ScriptEditor.h">
      <Filter>头文件</Filter>
    </ClInclude>
    <ClInclude Include="ThirdParty\ImGui\imgui_TextEditor.h">
      <Filter>头文件</Filter>
    </ClInclude>
    <ClInclude Include="Core\GUI\CMDWindow.h">
      <Filter>头文件</Filter>
    </ClInclude>
    <ClInclude Include="Core\Physics\SphericalConstraint.h">
      <Filter>头文件</Filter>
    </ClInclude>
    <ClInclude Include="Core\Physics\RigidBody.h">
      <Filter>头文件</Filter>
    </ClInclude>
    <ClInclude Include="Core\Physics\PhysicalWorld.h">
      <Filter>头文件</Filter>
    </ClInclude>
    <ClInclude Include="Core\Physics\PhysicalMaterial.h">
      <Filter>头文件</Filter>
    </ClInclude>
    <ClInclude Include="Core\Physics\PhysicalController.h">
      <Filter>头文件</Filter>
    </ClInclude>
    <ClInclude Include="Core\Physics\PhysicalConstraint.h">
      <Filter>头文件</Filter>
    </ClInclude>
    <ClInclude Include="Core\Physics\PhysicalBody.h">
      <Filter>头文件</Filter>
    </ClInclude>
    <ClInclude Include="Core\Physics\FixedConstraint.h">
      <Filter>头文件</Filter>
    </ClInclude>
    <ClInclude Include="Core\Physics\D6Constraint.h">
      <Filter>头文件</Filter>
    </ClInclude>
    <ClInclude Include="Core\Physics\SkeletonPhysics.h">
      <Filter>头文件</Filter>
    </ClInclude>
    <ClInclude Include="Core\Physics\PhysicalLayer.h">
      <Filter>头文件</Filter>
    </ClInclude>
    <ClInclude Include="Core\PostProcess\VolumetricLightPass.h">
      <Filter>头文件</Filter>
    </ClInclude>
    <ClInclude Include="Core\GUI\Gizmo.h">
      <Filter>头文件</Filter>
    </ClInclude>
    <ClInclude Include="Vendors\DX12\imgui_impl_dx12.h">
      <Filter>头文件</Filter>
    </ClInclude>
    <ClInclude Include="Vendors\DX12\DX12Vendor.h">
      <Filter>头文件</Filter>
    </ClInclude>
    <ClInclude Include="Vendors\imgui_impl_win32.h">
      <Filter>头文件</Filter>
    </ClInclude>
    <ClInclude Include="Vendors\DX12\DX12Texture2D.h">
      <Filter>头文件</Filter>
    </ClInclude>
    <ClInclude Include="Vendors\DX12\DX12Context.h">
      <Filter>头文件</Filter>
    </ClInclude>
    <ClInclude Include="Vendors\DX12\DX12.h">
      <Filter>头文件</Filter>
    </ClInclude>
    <ClInclude Include="Vendors\DX12\DX12DescriptorHeap.h">
      <Filter>头文件</Filter>
    </ClInclude>
    <ClInclude Include="Vendors\DX12\d3dx12.h">
      <Filter>头文件</Filter>
    </ClInclude>
    <ClInclude Include="Vendors\DX12\DX12ResourceUploader.h">
      <Filter>头文件</Filter>
    </ClInclude>
    <ClInclude Include="Vendors\DX12\DX12Shader.h">
      <Filter>头文件</Filter>
    </ClInclude>
    <ClInclude Include="Vendors\DX12\DX12CommandListDispatcher.h">
      <Filter>头文件</Filter>
    </ClInclude>
    <ClInclude Include="Vendors\DX12\DX12Material.h">
      <Filter>头文件</Filter>
    </ClInclude>
    <ClInclude Include="Vendors\DX12\DX12GPUBuffer.h">
      <Filter>头文件</Filter>
    </ClInclude>
    <ClInclude Include="Vendors\DX12\DX12BufferPool.h">
      <Filter>头文件</Filter>
    </ClInclude>
    <ClInclude Include="Vendors\DX12\DX12RootSignature.h">
      <Filter>头文件</Filter>
    </ClInclude>
    <ClInclude Include="Vendors\DX12\DX12GraphicContext.h">
      <Filter>头文件</Filter>
    </ClInclude>
    <ClInclude Include="Vendors\DX12\DX12PipelineState.h">
      <Filter>头文件</Filter>
    </ClInclude>
    <ClInclude Include="Vendors\DX12\DX12InputLayout.h">
      <Filter>头文件</Filter>
    </ClInclude>
    <ClInclude Include="Vendors\DX12\DX12MeshData.h">
      <Filter>头文件</Filter>
    </ClInclude>
    <ClInclude Include="Vendors\DX12\DX12RenderTarget.h">
      <Filter>头文件</Filter>
    </ClInclude>
    <ClInclude Include="Core\Editor\Editor.h">
      <Filter>头文件</Filter>
    </ClInclude>
    <ClInclude Include="Core\Editor\ObjectEditor.h">
      <Filter>头文件</Filter>
    </ClInclude>
    <ClInclude Include="Core\Editor\RenderEditor.h">
      <Filter>头文件</Filter>
    </ClInclude>
    <ClInclude Include="Core\Editor\MaterialEditor.h">
      <Filter>头文件</Filter>
    </ClInclude>
    <ClInclude Include="Core\Editor\MeshRenderEditor.h">
      <Filter>头文件</Filter>
    </ClInclude>
    <ClInclude Include="Core\Editor\SkeletonMeshRenderEditor.h">
      <Filter>头文件</Filter>
    </ClInclude>
    <ClInclude Include="Core\Editor\TransformEditor.h">
      <Filter>头文件</Filter>
    </ClInclude>
    <ClInclude Include="Core\Editor\LightEditor.h">
      <Filter>头文件</Filter>
    </ClInclude>
    <ClInclude Include="Core\Editor\ActorEditor.h">
      <Filter>头文件</Filter>
    </ClInclude>
    <ClInclude Include="Core\Editor\MeshActorEditor.h">
      <Filter>头文件</Filter>
    </ClInclude>
    <ClInclude Include="Core\Editor\SkeletonMeshActorEditor.h">
      <Filter>头文件</Filter>
    </ClInclude>
    <ClInclude Include="Core\Editor\AnimationBaseEditor.h">
      <Filter>头文件</Filter>
    </ClInclude>
    <ClInclude Include="Core\Editor\CameraEditor.h">
      <Filter>头文件</Filter>
    </ClInclude>
    <ClInclude Include="Core\Editor\DirectLightEditor.h">
      <Filter>头文件</Filter>
    </ClInclude>
    <ClInclude Include="Core\Editor\EditorWorld.h">
      <Filter>头文件</Filter>
    </ClInclude>
    <ClInclude Include="Core\Editor\PostProcessingCameraEditor.h">
      <Filter>头文件</Filter>
    </ClInclude>
    <ClInclude Include="Core\GUI\ObjectPreviewWindow.h">
      <Filter>头文件</Filter>
    </ClInclude>
    <ClInclude Include="Vendors\DX12\DX12RenderExecution.h">
      <Filter>头文件</Filter>
    </ClInclude>
    <ClInclude Include="Vendors\DX12\DX12SkeletonMeshData.h">
      <Filter>头文件</Filter>
    </ClInclude>
    <ClInclude Include="Core\MorphTargetWeight.h">
      <Filter>头文件</Filter>
    </ClInclude>
    <ClInclude Include="Live2D\Live2DConfig.h">
      <Filter>头文件</Filter>
    </ClInclude>
    <ClInclude Include="Live2D\Live2DRender.h">
      <Filter>头文件</Filter>
    </ClInclude>
    <ClInclude Include="Live2D\Live2DAllocator.h">
      <Filter>头文件</Filter>
    </ClInclude>
    <ClInclude Include="Live2D\Live2DConsole.h">
      <Filter>头文件</Filter>
    </ClInclude>
    <ClInclude Include="Live2D\Live2DMeshData.h">
      <Filter>头文件</Filter>
    </ClInclude>
    <ClInclude Include="Live2D\Live2DModel.h">
      <Filter>头文件</Filter>
    </ClInclude>
    <ClInclude Include="Live2D\Live2DActor.h">
      <Filter>头文件</Filter>
    </ClInclude>
    <ClInclude Include="Live2D\Live2DCamera.h">
      <Filter>头文件</Filter>
    </ClInclude>
    <ClInclude Include="ThirdParty\Live2DCubism\include\Live2DCubism\Live2DCubismCore.hpp">
      <Filter>头文件</Filter>
    </ClInclude>
    <ClInclude Include="ThirdParty\Live2DCubism\include\Live2DCubism\CubismCdiJson.hpp">
      <Filter>头文件</Filter>
    </ClInclude>
    <ClInclude Include="ThirdParty\Live2DCubism\include\Live2DCubism\CubismDefaultParameterId.hpp">
      <Filter>头文件</Filter>
    </ClInclude>
    <ClInclude Include="ThirdParty\Live2DCubism\include\Live2DCubism\CubismFramework.hpp">
      <Filter>头文件</Filter>
    </ClInclude>
    <ClInclude Include="ThirdParty\Live2DCubism\include\Live2DCubism\CubismFrameworkConfig.hpp">
      <Filter>头文件</Filter>
    </ClInclude>
    <ClInclude Include="ThirdParty\Live2DCubism\include\Live2DCubism\CubismModelSettingJson.hpp">
      <Filter>头文件</Filter>
    </ClInclude>
    <ClInclude Include="ThirdParty\Live2DCubism\include\Live2DCubism\ICubismAllocator.hpp">
      <Filter>头文件</Filter>
    </ClInclude>
    <ClInclude Include="ThirdParty\Live2DCubism\include\Live2DCubism\ICubismModelSetting.hpp">
      <Filter>头文件</Filter>
    </ClInclude>
    <ClInclude Include="ThirdParty\Live2DCubism\include\Live2DCubism\Live2DCubismCore.h">
      <Filter>头文件</Filter>
    </ClInclude>
    <ClInclude Include="ThirdParty\Live2DCubism\include\Live2DCubism\Type\CubismBasicType.hpp">
      <Filter>头文件</Filter>
    </ClInclude>
    <ClInclude Include="ThirdParty\Live2DCubism\include\Live2DCubism\Type\csmMap.hpp">
      <Filter>头文件</Filter>
    </ClInclude>
    <ClInclude Include="ThirdParty\Live2DCubism\include\Live2DCubism\Type\csmRectF.hpp">
      <Filter>头文件</Filter>
    </ClInclude>
    <ClInclude Include="ThirdParty\Live2DCubism\include\Live2DCubism\Type\csmString.hpp">
      <Filter>头文件</Filter>
    </ClInclude>
    <ClInclude Include="ThirdParty\Live2DCubism\include\Live2DCubism\Type\csmVector.hpp">
      <Filter>头文件</Filter>
    </ClInclude>
    <ClInclude Include="ThirdParty\Live2DCubism\include\Live2DCubism\Physics\CubismPhysicsJson.hpp">
      <Filter>头文件</Filter>
    </ClInclude>
    <ClInclude Include="ThirdParty\Live2DCubism\include\Live2DCubism\Physics\CubismPhysics.hpp">
      <Filter>头文件</Filter>
    </ClInclude>
    <ClInclude Include="ThirdParty\Live2DCubism\include\Live2DCubism\Physics\CubismPhysicsInternal.hpp">
      <Filter>头文件</Filter>
    </ClInclude>
    <ClInclude Include="ThirdParty\Live2DCubism\include\Live2DCubism\Motion\CubismMotionQueueManager.hpp">
      <Filter>头文件</Filter>
    </ClInclude>
    <ClInclude Include="ThirdParty\Live2DCubism\include\Live2DCubism\Motion\ACubismMotion.hpp">
      <Filter>头文件</Filter>
    </ClInclude>
    <ClInclude Include="ThirdParty\Live2DCubism\include\Live2DCubism\Motion\CubismExpressionMotion.hpp">
      <Filter>头文件</Filter>
    </ClInclude>
    <ClInclude Include="ThirdParty\Live2DCubism\include\Live2DCubism\Motion\CubismMotion.hpp">
      <Filter>头文件</Filter>
    </ClInclude>
    <ClInclude Include="ThirdParty\Live2DCubism\include\Live2DCubism\Motion\CubismMotionInternal.hpp">
      <Filter>头文件</Filter>
    </ClInclude>
    <ClInclude Include="ThirdParty\Live2DCubism\include\Live2DCubism\Motion\CubismMotionJson.hpp">
      <Filter>头文件</Filter>
    </ClInclude>
    <ClInclude Include="ThirdParty\Live2DCubism\include\Live2DCubism\Motion\CubismMotionManager.hpp">
      <Filter>头文件</Filter>
    </ClInclude>
    <ClInclude Include="ThirdParty\Live2DCubism\include\Live2DCubism\Motion\CubismMotionQueueEntry.hpp">
      <Filter>头文件</Filter>
    </ClInclude>
    <ClInclude Include="ThirdParty\Live2DCubism\include\Live2DCubism\Model\CubismMoc.hpp">
      <Filter>头文件</Filter>
    </ClInclude>
    <ClInclude Include="ThirdParty\Live2DCubism\include\Live2DCubism\Model\CubismModel.hpp">
      <Filter>头文件</Filter>
    </ClInclude>
    <ClInclude Include="ThirdParty\Live2DCubism\include\Live2DCubism\Model\CubismModelUserData.hpp">
      <Filter>头文件</Filter>
    </ClInclude>
    <ClInclude Include="ThirdParty\Live2DCubism\include\Live2DCubism\Model\CubismModelUserDataJson.hpp">
      <Filter>头文件</Filter>
    </ClInclude>
    <ClInclude Include="ThirdParty\Live2DCubism\include\Live2DCubism\Math\CubismViewMatrix.hpp">
      <Filter>头文件</Filter>
    </ClInclude>
    <ClInclude Include="ThirdParty\Live2DCubism\include\Live2DCubism\Math\CubismMath.hpp">
      <Filter>头文件</Filter>
    </ClInclude>
    <ClInclude Include="ThirdParty\Live2DCubism\include\Live2DCubism\Math\CubismMatrix44.hpp">
      <Filter>头文件</Filter>
    </ClInclude>
    <ClInclude Include="ThirdParty\Live2DCubism\include\Live2DCubism\Math\CubismModelMatrix.hpp">
      <Filter>头文件</Filter>
    </ClInclude>
    <ClInclude Include="ThirdParty\Live2DCubism\include\Live2DCubism\Math\CubismTargetPoint.hpp">
      <Filter>头文件</Filter>
    </ClInclude>
    <ClInclude Include="ThirdParty\Live2DCubism\include\Live2DCubism\Math\CubismVector2.hpp">
      <Filter>头文件</Filter>
    </ClInclude>
    <ClInclude Include="ThirdParty\Live2DCubism\include\Live2DCubism\Id\CubismIdManager.hpp">
      <Filter>头文件</Filter>
    </ClInclude>
    <ClInclude Include="ThirdParty\Live2DCubism\include\Live2DCubism\Id\CubismId.hpp">
      <Filter>头文件</Filter>
    </ClInclude>
    <ClInclude Include="ThirdParty\Live2DCubism\include\Live2DCubism\Effect\CubismPose.hpp">
      <Filter>头文件</Filter>
    </ClInclude>
    <ClInclude Include="ThirdParty\Live2DCubism\include\Live2DCubism\Effect\CubismBreath.hpp">
      <Filter>头文件</Filter>
    </ClInclude>
    <ClInclude Include="ThirdParty\Live2DCubism\include\Live2DCubism\Effect\CubismEyeBlink.hpp">
      <Filter>头文件</Filter>
    </ClInclude>
    <ClInclude Include="ThirdParty\Live2DCubism\include\Live2DCubism\Utils\CubismString.hpp">
      <Filter>头文件</Filter>
    </ClInclude>
    <ClInclude Include="ThirdParty\Live2DCubism\include\Live2DCubism\Utils\CubismDebug.hpp">
      <Filter>头文件</Filter>
    </ClInclude>
    <ClInclude Include="ThirdParty\Live2DCubism\include\Live2DCubism\Utils\CubismJson.hpp">
      <Filter>头文件</Filter>
    </ClInclude>
    <ClInclude Include="Core\InitializationManager.h">
      <Filter>头文件</Filter>
    </ClInclude>
    <ClInclude Include="Live2D\Live2DActorEditor.h">
      <Filter>头文件</Filter>
    </ClInclude>
    <ClInclude Include="Core\Editor\BoneEditor.h">
      <Filter>头文件</Filter>
    </ClInclude>
    <ClInclude Include="Core\Utility\Curve.h">
      <Filter>头文件\Core</Filter>
    </ClInclude>
    <ClInclude Include="Core\Utility\Utility.h">
      <Filter>头文件\Core</Filter>
    </ClInclude>
    <ClInclude Include="Core\Utility\Octree.h">
      <Filter>头文件</Filter>
    </ClInclude>
    <ClInclude Include="Core\Editor\WorldEditor.h">
      <Filter>头文件</Filter>
    </ClInclude>
    <ClInclude Include="Core\Script\PythonFreeze.h">
      <Filter>头文件</Filter>
    </ClInclude>
    <ClInclude Include="Core\Physics\ClothBody.h">
      <Filter>头文件</Filter>
    </ClInclude>
    <ClInclude Include="Core\Physics\ClothMeshData.h">
      <Filter>头文件</Filter>
    </ClInclude>
    <ClInclude Include="Actors\ClothActor.h">
      <Filter>头文件</Filter>
    </ClInclude>
    <ClInclude Include="Core\Editor\ClothActorEditor.h">
      <Filter>头文件</Filter>
    </ClInclude>
    <ClInclude Include="Core\GUI\GUIUtility.h">
      <Filter>头文件</Filter>
    </ClInclude>
    <ClInclude Include="Core\Timeline\TimelineTrack.h">
      <Filter>头文件</Filter>
    </ClInclude>
    <ClInclude Include="Core\Timeline\TimelineClip.h">
      <Filter>头文件</Filter>
    </ClInclude>
    <ClInclude Include="Core\Timeline\TimelinePlayable.h">
      <Filter>头文件</Filter>
    </ClInclude>
    <ClInclude Include="Core\Utility\Guid.h">
      <Filter>头文件</Filter>
    </ClInclude>
    <ClInclude Include="Core\Utility\Decimal.h">
      <Filter>头文件</Filter>
    </ClInclude>
    <ClInclude Include="Core\IWorld.h">
      <Filter>头文件</Filter>
    </ClInclude>
    <ClInclude Include="Core\Base.h">
      <Filter>头文件</Filter>
    </ClInclude>
    <ClInclude Include="Core\Timeline\AnimationPlayable.h">
      <Filter>头文件</Filter>
    </ClInclude>
    <ClInclude Include="Core\Timeline\AnimationTrack.h">
      <Filter>头文件</Filter>
    </ClInclude>
    <ClInclude Include="Core\Editor\BaseEditor.h">
      <Filter>头文件</Filter>
    </ClInclude>
    <ClInclude Include="Core\Timeline\TimelinePlayer.h">
      <Filter>头文件</Filter>
    </ClInclude>
    <ClInclude Include="Core\Timeline\Timeline.h">
      <Filter>头文件</Filter>
    </ClInclude>
    <ClInclude Include="Core\Timeline\TimelineEditor.h">
      <Filter>头文件</Filter>
    </ClInclude>
    <ClInclude Include="Core\Timeline\TimelineWindow.h">
      <Filter>头文件</Filter>
    </ClInclude>
    <ClInclude Include="ThirdParty\ImGui\ImGuiIconHelp.h">
      <Filter>头文件</Filter>
    </ClInclude>
    <ClInclude Include="Core\Timeline\TimelineTrackEditor.h">
      <Filter>头文件</Filter>
    </ClInclude>
    <ClInclude Include="Core\Timeline\TimelineEditorInfo.h">
      <Filter>头文件</Filter>
    </ClInclude>
    <ClInclude Include="Core\Timeline\AnimationTrackEditor.h">
      <Filter>头文件</Filter>
    </ClInclude>
    <ClInclude Include="Core\Timeline\AudioTrack.h">
      <Filter>头文件</Filter>
    </ClInclude>
    <ClInclude Include="Core\Timeline\AudioPlayable.h">
      <Filter>头文件</Filter>
    </ClInclude>
    <ClInclude Include="Core\Timeline\AudioTrackEditor.h">
      <Filter>头文件</Filter>
    </ClInclude>
    <ClInclude Include="Core\Timeline\ShotTrack.h">
      <Filter>头文件</Filter>
    </ClInclude>
    <ClInclude Include="Core\Timeline\ShotPlayable.h">
      <Filter>头文件</Filter>
    </ClInclude>
    <ClInclude Include="Core\Timeline\ShotTrackEditor.h">
      <Filter>头文件</Filter>
    </ClInclude>
    <ClInclude Include="Core\Timeline\TimelineClipEditor.h">
      <Filter>头文件</Filter>
    </ClInclude>
    <ClInclude Include="Core\Timeline\TimelinePlayableEditor.h">
      <Filter>头文件</Filter>
    </ClInclude>
    <ClInclude Include="Core\Timeline\AnimationPlayableEditor.h">
      <Filter>头文件</Filter>
    </ClInclude>
    <ClInclude Include="Core\Timeline\AudioPlayableEditor.h">
      <Filter>头文件</Filter>
    </ClInclude>
    <ClInclude Include="Core\Timeline\ShotPlayableEditor.h">
      <Filter>头文件</Filter>
    </ClInclude>
    <ClInclude Include="Core\Utility\EngineUtility.h">
      <Filter>头文件</Filter>
    </ClInclude>
    <ClInclude Include="Core\Skeleton\Skeleton.h">
      <Filter>头文件</Filter>
    </ClInclude>
    <ClInclude Include="Core\Skeleton\BoneConstraint.h">
      <Filter>头文件</Filter>
    </ClInclude>
    <ClInclude Include="Core\Skeleton\TwoBoneIKConstraint.h">
      <Filter>头文件</Filter>
    </ClInclude>
    <ClInclude Include="Core\Skeleton\TwoBoneIKConstraintEditor.h">
      <Filter>头文件</Filter>
    </ClInclude>
    <ClInclude Include="Core\Skeleton\BoneConstraintEditor.h">
      <Filter>头文件</Filter>
    </ClInclude>
    <ClInclude Include="Core\Skeleton\BoneParentConstraint.h">
      <Filter>头文件</Filter>
    </ClInclude>
    <ClInclude Include="Core\Skeleton\BoneParentConstraintEditor.h">
      <Filter>头文件</Filter>
    </ClInclude>
    <ClInclude Include="Core\Editor\PointLightEditor.h">
      <Filter>头文件</Filter>
    </ClInclude>
    <ClInclude Include="Core\GUI\GizmoUltility.h">
      <Filter>头文件</Filter>
    </ClInclude>
    <ClInclude Include="Core\ObjectUltility.h">
      <Filter>头文件</Filter>
    </ClInclude>
    <ClInclude Include="Core\Utility\hash.h">
      <Filter>头文件</Filter>
    </ClInclude>
    <ClInclude Include="Core\ShaderCode\ShaderCompiler.h">
      <Filter>头文件</Filter>
    </ClInclude>
    <ClInclude Include="Core\ShaderCode\ShaderAdapterCompiler.h">
      <Filter>头文件</Filter>
    </ClInclude>
    <ClInclude Include="Core\GUI\ShaderManagerWindow.h">
      <Filter>头文件</Filter>
    </ClInclude>
    <ClInclude Include="Spine2D\Spine2DActor.h">
      <Filter>头文件</Filter>
    </ClInclude>
    <ClInclude Include="Spine2D\Spine2DConfig.h">
      <Filter>头文件</Filter>
    </ClInclude>
    <ClInclude Include="Spine2D\Spine2DMeshData.h">
      <Filter>头文件</Filter>
    </ClInclude>
    <ClInclude Include="Spine2D\Spine2DModel.h">
      <Filter>头文件</Filter>
    </ClInclude>
    <ClInclude Include="Spine2D\Spine2DRender.h">
      <Filter>头文件</Filter>
    </ClInclude>
    <ClInclude Include="Spine2D\Spine2DActorEditor.h">
      <Filter>头文件</Filter>
    </ClInclude>
    <ClInclude Include="Core\Animation\AnimationClip.h">
      <Filter>头文件\Core</Filter>
    </ClInclude>
    <ClInclude Include="Core\Animation\AnimationStateMachine.h">
      <Filter>头文件</Filter>
    </ClInclude>
    <ClInclude Include="Core\Animation\AnimationState.h">
      <Filter>头文件</Filter>
    </ClInclude>
    <ClInclude Include="Core\Animation\AnimationPose.h">
      <Filter>头文件\Core</Filter>
    </ClInclude>
    <ClInclude Include="Core\Animation\AnimationPoseGraph.h">
      <Filter>头文件</Filter>
    </ClInclude>
    <ClInclude Include="Core\Animation\AnimationPoseNode.h">
      <Filter>头文件</Filter>
    </ClInclude>
    <ClInclude Include="Core\Graph\Graph.h">
      <Filter>头文件</Filter>
    </ClInclude>
    <ClInclude Include="Core\Graph\Node.h">
      <Filter>头文件</Filter>
    </ClInclude>
    <ClInclude Include="Core\Graph\GraphEditor.h">
      <Filter>头文件</Filter>
    </ClInclude>
    <ClInclude Include="Core\Graph\GraphNodeEditor.h">
      <Filter>头文件</Filter>
    </ClInclude>
    <ClInclude Include="Core\Graph\GraphBaseEditor.h">
      <Filter>头文件</Filter>
    </ClInclude>
    <ClInclude Include="Core\Graph\GraphPinEditor.h">
      <Filter>头文件</Filter>
    </ClInclude>
    <ClInclude Include="ThirdParty\ImGui\ImGuiNodeEditor\crude_json.h">
      <Filter>头文件</Filter>
    </ClInclude>
    <ClInclude Include="ThirdParty\ImGui\ImGuiNodeEditor\imgui_bezier_math.h">
      <Filter>头文件</Filter>
    </ClInclude>
    <ClInclude Include="ThirdParty\ImGui\ImGuiNodeEditor\imgui_canvas.h">
      <Filter>头文件</Filter>
    </ClInclude>
    <ClInclude Include="ThirdParty\ImGui\ImGuiNodeEditor\imgui_extra_math.h">
      <Filter>头文件</Filter>
    </ClInclude>
    <ClInclude Include="ThirdParty\ImGui\ImGuiNodeEditor\imgui_node_editor.h">
      <Filter>头文件</Filter>
    </ClInclude>
    <ClInclude Include="ThirdParty\ImGui\ImGuiNodeEditor\imgui_node_editor_internal.h">
      <Filter>头文件</Filter>
    </ClInclude>
    <ClInclude Include="ThirdParty\ImGui\ImGuiNodeEditor\Builders.h">
      <Filter>头文件</Filter>
    </ClInclude>
    <ClInclude Include="ThirdParty\ImGui\ImGuiNodeEditor\Widgets.h">
      <Filter>头文件</Filter>
    </ClInclude>
    <ClInclude Include="ThirdParty\ImGui\ImGuiNodeEditor\Drawing.h">
      <Filter>头文件</Filter>
    </ClInclude>
    <ClInclude Include="Core\Graph\GraphWindow.h">
      <Filter>头文件</Filter>
    </ClInclude>
    <ClInclude Include="Core\Graph\MathNode.h">
      <Filter>头文件</Filter>
    </ClInclude>
    <ClInclude Include="Core\Graph\FlowNode.h">
      <Filter>头文件</Filter>
    </ClInclude>
    <ClInclude Include="Core\Graph\Variable.h">
      <Filter>头文件</Filter>
    </ClInclude>
    <ClInclude Include="Core\Graph\ValuePin.h">
      <Filter>头文件</Filter>
    </ClInclude>
    <ClInclude Include="Core\Graph\ValuePinEditor.h">
      <Filter>头文件</Filter>
    </ClInclude>
    <ClInclude Include="Core\Graph\StringUtilityNode.h">
      <Filter>头文件</Filter>
    </ClInclude>
    <ClInclude Include="Core\Graph\MathNodeEditor.h">
      <Filter>头文件</Filter>
    </ClInclude>
    <ClInclude Include="Core\Graph\VariableEditor.h">
      <Filter>头文件</Filter>
    </ClInclude>
    <ClInclude Include="Core\Graph\GraphAssetInfo.h">
      <Filter>头文件</Filter>
    </ClInclude>
    <ClInclude Include="Core\Graph\VectorNode.h">
      <Filter>头文件</Filter>
    </ClInclude>
    <ClInclude Include="Core\Graph\ObjectNode.h">
      <Filter>头文件</Filter>
    </ClInclude>
    <ClInclude Include="Core\Graph\ObjectNodeEditor.h">
      <Filter>头文件</Filter>
    </ClInclude>
    <ClInclude Include="Core\Graph\InputNode.h">
      <Filter>头文件</Filter>
    </ClInclude>
    <ClInclude Include="Core\Script\PythonObjectBehaviorEditor.h">
      <Filter>头文件</Filter>
    </ClInclude>
    <ClInclude Include="Core\Graph\ObjectGraph.h">
      <Filter>头文件</Filter>
    </ClInclude>
    <ClInclude Include="Core\Graph\ObjectGraphEditor.h">
      <Filter>头文件</Filter>
    </ClInclude>
    <ClInclude Include="Core\Graph\FlowNodeEditor.h">
      <Filter>头文件</Filter>
    </ClInclude>
    <ClInclude Include="Core\Graph\ValueNode.h">
      <Filter>头文件</Filter>
    </ClInclude>
    <ClInclude Include="Core\Graph\ValueNodeEditor.h">
      <Filter>头文件</Filter>
    </ClInclude>
    <ClInclude Include="Core\Animation\AnimationPoseNodeEditor.h">
      <Filter>头文件</Filter>
    </ClInclude>
    <ClInclude Include="Core\Graph\ObjectNodes\TransformNode.h">
      <Filter>头文件</Filter>
    </ClInclude>
    <ClInclude Include="Core\Graph\ObjectNodes\ActorNode.h">
      <Filter>头文件</Filter>
    </ClInclude>
    <ClInclude Include="Core\Graph\ObjectNodes\SkeletonMeshActorNode.h">
      <Filter>头文件</Filter>
    </ClInclude>
    <ClInclude Include="Core\Graph\StateMachine\StateNode.h">
      <Filter>头文件</Filter>
    </ClInclude>
    <ClInclude Include="Core\Graph\StateMachine\StateMachine.h">
      <Filter>头文件</Filter>
    </ClInclude>
    <ClInclude Include="Core\Graph\StateMachine\StateNodeEditor.h">
      <Filter>头文件</Filter>
    </ClInclude>
    <ClInclude Include="Core\Graph\StateMachine\StateMachineEditor.h">
      <Filter>头文件</Filter>
    </ClInclude>
    <ClInclude Include="Core\Animation\AnimationStateEditor.h">
      <Filter>头文件</Filter>
    </ClInclude>
    <ClInclude Include="Core\Character.h">
      <Filter>头文件</Filter>
    </ClInclude>
    <ClInclude Include="Core\Editor\ParticleSystemEditor.h">
      <Filter>头文件</Filter>
    </ClInclude>
    <ClInclude Include="Core\Editor\CharacterEditor.h">
      <Filter>头文件</Filter>
    </ClInclude>
    <ClInclude Include="Core\Graph\ObjectNodes\CharacterNode.h">
      <Filter>头文件</Filter>
    </ClInclude>
    <ClInclude Include="Core\Graph\ObjectNodes\PhysicsNode.h">
      <Filter>头文件</Filter>
    </ClInclude>
    <ClInclude Include="Core\Physics\ContactInfo.h">
      <Filter>头文件</Filter>
    </ClInclude>
    <ClInclude Include="Core\Utility\MathUtility.h">
      <Filter>头文件</Filter>
    </ClInclude>
    <ClInclude Include="Core\Terrain\TerrainRender.h">
      <Filter>头文件</Filter>
    </ClInclude>
    <ClInclude Include="Core\Terrain\TerrainGeometry.h">
      <Filter>头文件</Filter>
    </ClInclude>
    <ClInclude Include="Core\Terrain\TerrainActor.h">
      <Filter>头文件</Filter>
    </ClInclude>
    <ClInclude Include="Core\Terrain\TerrainGeometryEditor.h">
      <Filter>头文件</Filter>
    </ClInclude>
    <ClInclude Include="Core\Terrain\TerrainActorEditor.h">
      <Filter>头文件</Filter>
    </ClInclude>
    <ClInclude Include="ThirdParty\STB\stb_image_resize.h">
      <Filter>头文件</Filter>
    </ClInclude>
    <ClInclude Include="Core\GraphicType.h">
      <Filter>头文件</Filter>
    </ClInclude>
    <ClInclude Include="Vendors\DXGI_Helper.h">
      <Filter>头文件</Filter>
    </ClInclude>
    <ClInclude Include="Core\PostProcess\BlurPass.h">
      <Filter>头文件</Filter>
    </ClInclude>
    <ClInclude Include="Core\RenderCore\RenderTask.h">
      <Filter>头文件</Filter>
    </ClInclude>
    <ClInclude Include="Core\RenderCore\CameraData.h">
      <Filter>头文件</Filter>
    </ClInclude>
  </ItemGroup>
  <ItemGroup>
    <ClCompile Include="ThirdParty\ImGui\imgui.cpp">
      <Filter>源文件\ThirdParty\ImGui</Filter>
    </ClCompile>
    <ClCompile Include="ThirdParty\ImGui\imgui_demo.cpp">
      <Filter>源文件\ThirdParty\ImGui</Filter>
    </ClCompile>
    <ClCompile Include="ThirdParty\ImGui\imgui_draw.cpp">
      <Filter>源文件\ThirdParty\ImGui</Filter>
    </ClCompile>
    <ClCompile Include="ThirdParty\ImGui\imgui_stdlib.cpp">
      <Filter>源文件\ThirdParty\ImGui</Filter>
    </ClCompile>
    <ClCompile Include="ThirdParty\ImGui\imgui_widgets.cpp">
      <Filter>源文件\ThirdParty\ImGui</Filter>
    </ClCompile>
    <ClCompile Include="ThirdParty\ImGui\ImGuizmo.cpp">
      <Filter>源文件\ThirdParty\ImGui</Filter>
    </ClCompile>
    <ClCompile Include="Core\Brane.cpp">
      <Filter>源文件\Core</Filter>
    </ClCompile>
    <ClCompile Include="Core\Console.cpp">
      <Filter>源文件\Core</Filter>
    </ClCompile>
    <ClCompile Include="Core\Events.cpp">
      <Filter>源文件\Core</Filter>
    </ClCompile>
    <ClCompile Include="Core\Object.cpp">
      <Filter>源文件\Core</Filter>
    </ClCompile>
    <ClCompile Include="Core\Unit.cpp">
      <Filter>源文件\Core</Filter>
    </ClCompile>
    <ClCompile Include="Core\Serialization.cpp">
      <Filter>源文件\Core</Filter>
    </ClCompile>
    <ClCompile Include="Core\MathLibrary.cpp">
      <Filter>源文件\Core</Filter>
    </ClCompile>
    <ClCompile Include="Core\Transform.cpp">
      <Filter>源文件\Core</Filter>
    </ClCompile>
    <ClCompile Include="Core\Shape.cpp">
      <Filter>源文件\Core</Filter>
    </ClCompile>
    <ClCompile Include="Core\Camera.cpp">
      <Filter>源文件\Core</Filter>
    </ClCompile>
    <ClCompile Include="Core\CameraRender.cpp">
      <Filter>源文件\Core</Filter>
    </ClCompile>
    <ClCompile Include="Core\Render.cpp">
      <Filter>源文件\Core</Filter>
    </ClCompile>
    <ClCompile Include="Core\Asset.cpp">
      <Filter>源文件\Core</Filter>
    </ClCompile>
    <ClCompile Include="Core\Engine.cpp">
      <Filter>源文件\Core</Filter>
    </ClCompile>
    <ClCompile Include="Core\Input.cpp">
      <Filter>源文件\Core</Filter>
    </ClCompile>
    <ClCompile Include="Core\IVendor.cpp">
      <Filter>源文件\Core</Filter>
    </ClCompile>
    <ClCompile Include="Core\SkeletonMesh.cpp">
      <Filter>源文件\Core</Filter>
    </ClCompile>
    <ClCompile Include="Core\World.cpp">
      <Filter>源文件\Core</Filter>
    </ClCompile>
    <ClCompile Include="Vendors\DX11\DX11Vendor.cpp">
      <Filter>源文件\Vendors\DX11</Filter>
    </ClCompile>
    <ClCompile Include="Vendors\DX11\DX11Texture2D.cpp">
      <Filter>源文件\Vendors\DX11</Filter>
    </ClCompile>
    <ClCompile Include="Vendors\DX11\imgui_impl_dx11.cpp">
      <Filter>源文件\Vendors\DX11</Filter>
    </ClCompile>
    <ClCompile Include="Core\Texture2D.cpp">
      <Filter>源文件\Core</Filter>
    </ClCompile>
    <ClCompile Include="Core\Material.cpp">
      <Filter>源文件\Core</Filter>
    </ClCompile>
    <ClCompile Include="Core\Mesh.cpp">
      <Filter>源文件\Core</Filter>
    </ClCompile>
    <ClCompile Include="Core\Shader.cpp">
      <Filter>源文件\Core</Filter>
    </ClCompile>
    <ClCompile Include="Core\ShaderStage.cpp">
      <Filter>源文件\Core</Filter>
    </ClCompile>
    <ClCompile Include="Core\Texture.cpp">
      <Filter>源文件\Core</Filter>
    </ClCompile>
    <ClCompile Include="Vendors\DX11\DX11ShaderStage.cpp">
      <Filter>源文件</Filter>
    </ClCompile>
    <ClCompile Include="Core\RenderTarget.cpp">
      <Filter>源文件</Filter>
    </ClCompile>
    <ClCompile Include="Core\IMaterial.cpp">
      <Filter>源文件</Filter>
    </ClCompile>
    <ClCompile Include="Core\GPUBuffer.cpp">
      <Filter>源文件</Filter>
    </ClCompile>
    <ClCompile Include="Core\IGPUBuffer.cpp">
      <Filter>源文件</Filter>
    </ClCompile>
    <ClCompile Include="Vendors\DX11\DX11GPUBuffer.cpp">
      <Filter>源文件</Filter>
    </ClCompile>
    <ClCompile Include="Vendors\DX11\DX11Material.cpp">
      <Filter>源文件</Filter>
    </ClCompile>
    <ClCompile Include="Core\IRenderTarget.cpp">
      <Filter>源文件</Filter>
    </ClCompile>
    <ClCompile Include="Vendors\DX11\DX11RenderTarget.cpp">
      <Filter>源文件</Filter>
    </ClCompile>
    <ClCompile Include="Core\Geometry.cpp">
      <Filter>源文件</Filter>
    </ClCompile>
    <ClCompile Include="Core\Importer.cpp">
      <Filter>源文件</Filter>
    </ClCompile>
    <ClCompile Include="Vendors\DX11\DX11MeshData.cpp">
      <Filter>源文件</Filter>
    </ClCompile>
    <ClCompile Include="Core\MeshData.cpp">
      <Filter>源文件</Filter>
    </ClCompile>
    <ClCompile Include="Core\SkeletonMeshData.cpp">
      <Filter>源文件</Filter>
    </ClCompile>
    <ClCompile Include="Vendors\DX11\DX11SkeletonMeshData.cpp">
      <Filter>源文件</Filter>
    </ClCompile>
    <ClCompile Include="Core\RenderCommandList.cpp">
      <Filter>源文件</Filter>
    </ClCompile>
    <ClCompile Include="Core\RenderPool.cpp">
      <Filter>源文件</Filter>
    </ClCompile>
    <ClCompile Include="Core\GUI\GUI.cpp">
      <Filter>源文件</Filter>
    </ClCompile>
    <ClCompile Include="Core\GUI\UIControl.cpp">
      <Filter>源文件</Filter>
    </ClCompile>
    <ClCompile Include="Core\GUI\UIWindow.cpp">
      <Filter>源文件</Filter>
    </ClCompile>
    <ClCompile Include="Core\PointLight.cpp">
      <Filter>源文件</Filter>
    </ClCompile>
    <ClCompile Include="Core\Directlight.cpp">
      <Filter>源文件</Filter>
    </ClCompile>
    <ClCompile Include="Core\Light.cpp">
      <Filter>源文件</Filter>
    </ClCompile>
    <ClCompile Include="Core\ShadowCamera.cpp">
      <Filter>源文件</Filter>
    </ClCompile>
    <ClCompile Include="Core\ShadowCameraRender.cpp">
      <Filter>源文件</Filter>
    </ClCompile>
    <ClCompile Include="Vendors\DX11\DX11RenderExecution.cpp">
      <Filter>源文件</Filter>
    </ClCompile>
    <ClCompile Include="Core\IRenderExecution.cpp">
      <Filter>源文件</Filter>
    </ClCompile>
    <ClCompile Include="Vendors\DX11\DX11.cpp">
      <Filter>源文件</Filter>
    </ClCompile>
    <ClCompile Include="initial.cpp">
      <Filter>源文件</Filter>
    </ClCompile>
    <ClCompile Include="tool.cpp">
      <Filter>源文件</Filter>
    </ClCompile>
    <ClCompile Include="Core\GUI\AssetBrowser.cpp">
      <Filter>源文件</Filter>
    </ClCompile>
    <ClCompile Include="Core\GUI\AssetLoadWindow.cpp">
      <Filter>源文件</Filter>
    </ClCompile>
    <ClCompile Include="Core\GUI\BlendSpaceWindow.cpp">
      <Filter>源文件</Filter>
    </ClCompile>
    <ClCompile Include="Core\GUI\ConsoleWindow.cpp">
      <Filter>源文件</Filter>
    </ClCompile>
    <ClCompile Include="Core\GUI\DebugLogWindow.cpp">
      <Filter>源文件</Filter>
    </ClCompile>
    <ClCompile Include="Core\GUI\EditorWindow.cpp">
      <Filter>源文件</Filter>
    </ClCompile>
    <ClCompile Include="Core\GUI\InspectorWindow.cpp">
      <Filter>源文件</Filter>
    </ClCompile>
    <ClCompile Include="Core\GUI\MaterialWindow.cpp">
      <Filter>源文件</Filter>
    </ClCompile>
    <ClCompile Include="Core\GUI\TextureViewer.cpp">
      <Filter>源文件</Filter>
    </ClCompile>
    <ClCompile Include="Core\GUI\SerializationEditor.cpp">
      <Filter>源文件</Filter>
    </ClCompile>
    <ClCompile Include="Core\Actor.cpp">
      <Filter>源文件</Filter>
    </ClCompile>
    <ClCompile Include="Core\GrassMeshActor.cpp">
      <Filter>源文件</Filter>
    </ClCompile>
    <ClCompile Include="Core\MeshActor.cpp">
      <Filter>源文件</Filter>
    </ClCompile>
    <ClCompile Include="Core\MeshRender.cpp">
      <Filter>源文件</Filter>
    </ClCompile>
    <ClCompile Include="Core\SkeletonMeshActor.cpp">
      <Filter>源文件</Filter>
    </ClCompile>
    <ClCompile Include="Core\SkeletonMeshRender.cpp">
      <Filter>源文件</Filter>
    </ClCompile>
    <ClCompile Include="Core\Bone.cpp">
      <Filter>源文件</Filter>
    </ClCompile>
    <ClCompile Include="Cameras\DebugCamera.cpp">
      <Filter>源文件</Filter>
    </ClCompile>
    <ClCompile Include="Actors\SkySphere.cpp">
      <Filter>源文件</Filter>
    </ClCompile>
    <ClCompile Include="Core\PostProcess\PostProcessCameraRender.cpp">
      <Filter>源文件</Filter>
    </ClCompile>
    <ClCompile Include="Core\PostProcess\PostProcessGraph.cpp">
      <Filter>源文件</Filter>
    </ClCompile>
    <ClCompile Include="Core\PostProcess\PostProcessingCamera.cpp">
      <Filter>源文件</Filter>
    </ClCompile>
    <ClCompile Include="Core\PostProcess\PostProcessPass.cpp">
      <Filter>源文件</Filter>
    </ClCompile>
    <ClCompile Include="Core\PostProcess\BlitPass.cpp">
      <Filter>源文件</Filter>
    </ClCompile>
    <ClCompile Include="Core\PostProcess\DOFPass.cpp">
      <Filter>源文件</Filter>
    </ClCompile>
    <ClCompile Include="Core\PostProcess\SSAOPass.cpp">
      <Filter>源文件</Filter>
    </ClCompile>
    <ClCompile Include="Core\PostProcess\ToneMapPass.cpp">
      <Filter>源文件</Filter>
    </ClCompile>
    <ClCompile Include="Core\AudioSource.cpp">
      <Filter>源文件</Filter>
    </ClCompile>
    <ClCompile Include="Core\GUI\MatBranchModifier.cpp">
      <Filter>源文件</Filter>
    </ClCompile>
    <ClCompile Include="Core\GUI\ESCMenu.cpp">
      <Filter>源文件</Filter>
    </ClCompile>
    <ClCompile Include="Actors\VehicleActor.cpp">
      <Filter>源文件</Filter>
    </ClCompile>
    <ClCompile Include="Actors\GunTowerActor.cpp">
      <Filter>源文件</Filter>
    </ClCompile>
    <ClCompile Include="Core\ParticleEmitter.cpp">
      <Filter>源文件</Filter>
    </ClCompile>
    <ClCompile Include="Core\ParticleSystem.cpp">
      <Filter>源文件</Filter>
    </ClCompile>
    <ClCompile Include="Core\WUI\HelpUI.cpp">
      <Filter>源文件</Filter>
    </ClCompile>
    <ClCompile Include="Core\WUI\LoadingUI.cpp">
      <Filter>源文件</Filter>
    </ClCompile>
    <ClCompile Include="Core\WUI\WUIButton.cpp">
      <Filter>源文件</Filter>
    </ClCompile>
    <ClCompile Include="Core\WUI\WUIControl.cpp">
      <Filter>源文件</Filter>
    </ClCompile>
    <ClCompile Include="Core\WUI\WUIESCMenu.cpp">
      <Filter>源文件</Filter>
    </ClCompile>
    <ClCompile Include="Core\WUI\WUIFont.cpp">
      <Filter>源文件</Filter>
    </ClCompile>
    <ClCompile Include="Core\WUI\WUILabel.cpp">
      <Filter>源文件</Filter>
    </ClCompile>
    <ClCompile Include="Core\WUI\WUIViewPort.cpp">
      <Filter>源文件</Filter>
    </ClCompile>
    <ClCompile Include="Tool\AnimationConverter\AnimationConverter.cpp">
      <Filter>源文件</Filter>
    </ClCompile>
    <ClCompile Include="Tool\AnimationConverter\MMDPmxParser.cpp">
      <Filter>源文件</Filter>
    </ClCompile>
    <ClCompile Include="Tool\ToolShelf.cpp">
      <Filter>源文件</Filter>
    </ClCompile>
    <ClCompile Include="Core\GUI\PhysicsDebug.cpp">
      <Filter>源文件</Filter>
    </ClCompile>
    <ClCompile Include="Core\Script\PythonManager.cpp">
      <Filter>源文件</Filter>
    </ClCompile>
    <ClCompile Include="Core\Script\PythonScript.cpp">
      <Filter>源文件</Filter>
    </ClCompile>
    <ClCompile Include="Core\Script\ScriptEditor.cpp">
      <Filter>源文件</Filter>
    </ClCompile>
    <ClCompile Include="ThirdParty\ImGui\imgui_TextEditor.cpp">
      <Filter>源文件</Filter>
    </ClCompile>
    <ClCompile Include="Core\GUI\CMDWindow.cpp">
      <Filter>源文件</Filter>
    </ClCompile>
    <ClCompile Include="Core\Physics\SphericalConstraint.cpp">
      <Filter>源文件</Filter>
    </ClCompile>
    <ClCompile Include="Core\Physics\RigidBody.cpp">
      <Filter>源文件</Filter>
    </ClCompile>
    <ClCompile Include="Core\Physics\PhysicalWorld.cpp">
      <Filter>源文件</Filter>
    </ClCompile>
    <ClCompile Include="Core\Physics\PhysicalMaterial.cpp">
      <Filter>源文件</Filter>
    </ClCompile>
    <ClCompile Include="Core\Physics\PhysicalController.cpp">
      <Filter>源文件</Filter>
    </ClCompile>
    <ClCompile Include="Core\Physics\PhysicalConstraint.cpp">
      <Filter>源文件</Filter>
    </ClCompile>
    <ClCompile Include="Core\Physics\PhysicalBody.cpp">
      <Filter>源文件</Filter>
    </ClCompile>
    <ClCompile Include="Core\Physics\FixedConstraint.cpp">
      <Filter>源文件</Filter>
    </ClCompile>
    <ClCompile Include="Core\Physics\D6Constraint.cpp">
      <Filter>源文件</Filter>
    </ClCompile>
    <ClCompile Include="Core\Physics\SkeletonPhysics.cpp">
      <Filter>源文件</Filter>
    </ClCompile>
    <ClCompile Include="Core\Physics\PhysicalLayer.cpp">
      <Filter>源文件</Filter>
    </ClCompile>
    <ClCompile Include="Core\PostProcess\VolumetricLightPass.cpp">
      <Filter>源文件</Filter>
    </ClCompile>
    <ClCompile Include="Core\GUI\Gizmo.cpp">
      <Filter>源文件</Filter>
    </ClCompile>
    <ClCompile Include="Vendors\DX12\imgui_impl_dx12.cpp">
      <Filter>源文件</Filter>
    </ClCompile>
    <ClCompile Include="Vendors\DX12\DX12Vendor.cpp">
      <Filter>源文件</Filter>
    </ClCompile>
    <ClCompile Include="Vendors\imgui_impl_win32.cpp">
      <Filter>源文件</Filter>
    </ClCompile>
    <ClCompile Include="Core\PostProcess\BloomPass.cpp">
      <Filter>源文件</Filter>
    </ClCompile>
    <ClCompile Include="Vendors\DX12\DX12Texture2D.cpp">
      <Filter>源文件</Filter>
    </ClCompile>
    <ClCompile Include="Vendors\DX12\DX12Context.cpp">
      <Filter>源文件</Filter>
    </ClCompile>
    <ClCompile Include="Vendors\DX12\DX12DescriptorHeap.cpp">
      <Filter>源文件</Filter>
    </ClCompile>
    <ClCompile Include="Vendors\DX12\DX12ResourceUploader.cpp">
      <Filter>源文件</Filter>
    </ClCompile>
    <ClCompile Include="Vendors\DX12\DX12Shader.cpp">
      <Filter>源文件</Filter>
    </ClCompile>
    <ClCompile Include="Vendors\DX12\DX12CommandListDispatcher.cpp">
      <Filter>源文件</Filter>
    </ClCompile>
    <ClCompile Include="Vendors\DX12\DX12Material.cpp">
      <Filter>源文件</Filter>
    </ClCompile>
    <ClCompile Include="Vendors\DX12\DX12GPUBuffer.cpp">
      <Filter>源文件</Filter>
    </ClCompile>
    <ClCompile Include="Vendors\DX12\DX12BufferPool.cpp">
      <Filter>源文件</Filter>
    </ClCompile>
    <ClCompile Include="Vendors\DX12\DX12RootSignature.cpp">
      <Filter>源文件</Filter>
    </ClCompile>
    <ClCompile Include="Vendors\DX12\DX12GraphicContext.cpp">
      <Filter>源文件</Filter>
    </ClCompile>
    <ClCompile Include="Vendors\DX12\DX12PipelineState.cpp">
      <Filter>源文件</Filter>
    </ClCompile>
    <ClCompile Include="Vendors\DX12\DX12InputLayout.cpp">
      <Filter>源文件</Filter>
    </ClCompile>
    <ClCompile Include="Vendors\DX12\DX12MeshData.cpp">
      <Filter>源文件</Filter>
    </ClCompile>
    <ClCompile Include="Vendors\DX12\DX12RenderTarget.cpp">
      <Filter>源文件</Filter>
    </ClCompile>
    <ClCompile Include="Core\Editor\Editor.cpp">
      <Filter>源文件</Filter>
    </ClCompile>
    <ClCompile Include="Core\Editor\ObjectEditor.cpp">
      <Filter>源文件</Filter>
    </ClCompile>
    <ClCompile Include="Core\Editor\RenderEditor.cpp">
      <Filter>源文件</Filter>
    </ClCompile>
    <ClCompile Include="Core\Editor\MaterialEditor.cpp">
      <Filter>源文件</Filter>
    </ClCompile>
    <ClCompile Include="Core\Editor\MeshRenderEditor.cpp">
      <Filter>源文件</Filter>
    </ClCompile>
    <ClCompile Include="Core\Editor\SkeletonMeshRenderEditor.cpp">
      <Filter>源文件</Filter>
    </ClCompile>
    <ClCompile Include="Core\Editor\TransformEditor.cpp">
      <Filter>源文件</Filter>
    </ClCompile>
    <ClCompile Include="Core\Editor\LightEditor.cpp">
      <Filter>源文件</Filter>
    </ClCompile>
    <ClCompile Include="Core\Editor\ActorEditor.cpp">
      <Filter>源文件</Filter>
    </ClCompile>
    <ClCompile Include="Core\Editor\MeshActorEditor.cpp">
      <Filter>源文件</Filter>
    </ClCompile>
    <ClCompile Include="Core\Editor\SkeletonMeshActorEditor.cpp">
      <Filter>源文件</Filter>
    </ClCompile>
    <ClCompile Include="Core\Editor\AnimationBaseEditor.cpp">
      <Filter>源文件</Filter>
    </ClCompile>
    <ClCompile Include="Core\Editor\CameraEditor.cpp">
      <Filter>源文件</Filter>
    </ClCompile>
    <ClCompile Include="Core\Editor\DirectLightEditor.cpp">
      <Filter>源文件</Filter>
    </ClCompile>
    <ClCompile Include="Core\Editor\EditorWorld.cpp">
      <Filter>源文件</Filter>
    </ClCompile>
    <ClCompile Include="Core\Editor\PostProcessingCameraEditor.cpp">
      <Filter>源文件</Filter>
    </ClCompile>
    <ClCompile Include="Core\GUI\ObjectPreviewWindow.cpp">
      <Filter>源文件</Filter>
    </ClCompile>
    <ClCompile Include="Vendors\DX12\DX12RenderExecution.cpp">
      <Filter>源文件</Filter>
    </ClCompile>
    <ClCompile Include="Vendors\DX12\DX12SkeletonMeshData.cpp">
      <Filter>源文件</Filter>
    </ClCompile>
    <ClCompile Include="Core\MorphTargetWeight.cpp">
      <Filter>源文件</Filter>
    </ClCompile>
    <ClCompile Include="Live2D\Live2DRender.cpp">
      <Filter>源文件</Filter>
    </ClCompile>
    <ClCompile Include="Live2D\Live2DAllocator.cpp">
      <Filter>源文件</Filter>
    </ClCompile>
    <ClCompile Include="Live2D\Live2DConsole.cpp">
      <Filter>源文件</Filter>
    </ClCompile>
    <ClCompile Include="Live2D\Live2DMeshData.cpp">
      <Filter>源文件</Filter>
    </ClCompile>
    <ClCompile Include="Live2D\Live2DModel.cpp">
      <Filter>源文件</Filter>
    </ClCompile>
    <ClCompile Include="Live2D\Live2DActor.cpp">
      <Filter>源文件</Filter>
    </ClCompile>
    <ClCompile Include="Live2D\Live2DCamera.cpp">
      <Filter>源文件</Filter>
    </ClCompile>
    <ClCompile Include="ThirdParty\Live2DCubism\include\Live2DCubism\CubismCdiJson.cpp">
      <Filter>源文件</Filter>
    </ClCompile>
    <ClCompile Include="ThirdParty\Live2DCubism\include\Live2DCubism\CubismDefaultParameterId.cpp">
      <Filter>源文件</Filter>
    </ClCompile>
    <ClCompile Include="ThirdParty\Live2DCubism\include\Live2DCubism\CubismFramework.cpp">
      <Filter>源文件</Filter>
    </ClCompile>
    <ClCompile Include="ThirdParty\Live2DCubism\include\Live2DCubism\CubismModelSettingJson.cpp">
      <Filter>源文件</Filter>
    </ClCompile>
    <ClCompile Include="ThirdParty\Live2DCubism\include\Live2DCubism\Type\csmRectF.cpp">
      <Filter>源文件</Filter>
    </ClCompile>
    <ClCompile Include="ThirdParty\Live2DCubism\include\Live2DCubism\Type\csmString.cpp">
      <Filter>源文件</Filter>
    </ClCompile>
    <ClCompile Include="ThirdParty\Live2DCubism\include\Live2DCubism\Physics\CubismPhysics.cpp">
      <Filter>源文件</Filter>
    </ClCompile>
    <ClCompile Include="ThirdParty\Live2DCubism\include\Live2DCubism\Physics\CubismPhysicsJson.cpp">
      <Filter>源文件</Filter>
    </ClCompile>
    <ClCompile Include="ThirdParty\Live2DCubism\include\Live2DCubism\Motion\ACubismMotion.cpp">
      <Filter>源文件</Filter>
    </ClCompile>
    <ClCompile Include="ThirdParty\Live2DCubism\include\Live2DCubism\Motion\CubismExpressionMotion.cpp">
      <Filter>源文件</Filter>
    </ClCompile>
    <ClCompile Include="ThirdParty\Live2DCubism\include\Live2DCubism\Motion\CubismMotion.cpp">
      <Filter>源文件</Filter>
    </ClCompile>
    <ClCompile Include="ThirdParty\Live2DCubism\include\Live2DCubism\Motion\CubismMotionJson.cpp">
      <Filter>源文件</Filter>
    </ClCompile>
    <ClCompile Include="ThirdParty\Live2DCubism\include\Live2DCubism\Motion\CubismMotionManager.cpp">
      <Filter>源文件</Filter>
    </ClCompile>
    <ClCompile Include="ThirdParty\Live2DCubism\include\Live2DCubism\Motion\CubismMotionQueueEntry.cpp">
      <Filter>源文件</Filter>
    </ClCompile>
    <ClCompile Include="ThirdParty\Live2DCubism\include\Live2DCubism\Motion\CubismMotionQueueManager.cpp">
      <Filter>源文件</Filter>
    </ClCompile>
    <ClCompile Include="ThirdParty\Live2DCubism\include\Live2DCubism\Model\CubismMoc.cpp">
      <Filter>源文件</Filter>
    </ClCompile>
    <ClCompile Include="ThirdParty\Live2DCubism\include\Live2DCubism\Model\CubismModel.cpp">
      <Filter>源文件</Filter>
    </ClCompile>
    <ClCompile Include="ThirdParty\Live2DCubism\include\Live2DCubism\Model\CubismModelUserData.cpp">
      <Filter>源文件</Filter>
    </ClCompile>
    <ClCompile Include="ThirdParty\Live2DCubism\include\Live2DCubism\Model\CubismModelUserDataJson.cpp">
      <Filter>源文件</Filter>
    </ClCompile>
    <ClCompile Include="ThirdParty\Live2DCubism\include\Live2DCubism\Math\CubismMath.cpp">
      <Filter>源文件</Filter>
    </ClCompile>
    <ClCompile Include="ThirdParty\Live2DCubism\include\Live2DCubism\Math\CubismMatrix44.cpp">
      <Filter>源文件</Filter>
    </ClCompile>
    <ClCompile Include="ThirdParty\Live2DCubism\include\Live2DCubism\Math\CubismModelMatrix.cpp">
      <Filter>源文件</Filter>
    </ClCompile>
    <ClCompile Include="ThirdParty\Live2DCubism\include\Live2DCubism\Math\CubismTargetPoint.cpp">
      <Filter>源文件</Filter>
    </ClCompile>
    <ClCompile Include="ThirdParty\Live2DCubism\include\Live2DCubism\Math\CubismVector2.cpp">
      <Filter>源文件</Filter>
    </ClCompile>
    <ClCompile Include="ThirdParty\Live2DCubism\include\Live2DCubism\Math\CubismViewMatrix.cpp">
      <Filter>源文件</Filter>
    </ClCompile>
    <ClCompile Include="ThirdParty\Live2DCubism\include\Live2DCubism\Id\CubismId.cpp">
      <Filter>源文件</Filter>
    </ClCompile>
    <ClCompile Include="ThirdParty\Live2DCubism\include\Live2DCubism\Id\CubismIdManager.cpp">
      <Filter>源文件</Filter>
    </ClCompile>
    <ClCompile Include="ThirdParty\Live2DCubism\include\Live2DCubism\Effect\CubismBreath.cpp">
      <Filter>源文件</Filter>
    </ClCompile>
    <ClCompile Include="ThirdParty\Live2DCubism\include\Live2DCubism\Effect\CubismEyeBlink.cpp">
      <Filter>源文件</Filter>
    </ClCompile>
    <ClCompile Include="ThirdParty\Live2DCubism\include\Live2DCubism\Effect\CubismPose.cpp">
      <Filter>源文件</Filter>
    </ClCompile>
    <ClCompile Include="ThirdParty\Live2DCubism\include\Live2DCubism\Utils\CubismDebug.cpp">
      <Filter>源文件</Filter>
    </ClCompile>
    <ClCompile Include="ThirdParty\Live2DCubism\include\Live2DCubism\Utils\CubismJson.cpp">
      <Filter>源文件</Filter>
    </ClCompile>
    <ClCompile Include="ThirdParty\Live2DCubism\include\Live2DCubism\Utils\CubismString.cpp">
      <Filter>源文件</Filter>
    </ClCompile>
    <ClCompile Include="Core\InitializationManager.cpp">
      <Filter>源文件</Filter>
    </ClCompile>
    <ClCompile Include="Live2D\Live2DConfig.cpp">
      <Filter>源文件</Filter>
    </ClCompile>
    <ClCompile Include="Live2D\Live2DActorEditor.cpp">
      <Filter>源文件</Filter>
    </ClCompile>
    <ClCompile Include="Core\Editor\BoneEditor.cpp">
      <Filter>源文件</Filter>
    </ClCompile>
    <ClCompile Include="Core\Utility\Utility.cpp">
      <Filter>源文件\Core</Filter>
    </ClCompile>
    <ClCompile Include="Core\Editor\WorldEditor.cpp">
      <Filter>源文件</Filter>
    </ClCompile>
    <ClCompile Include="Core\Script\PythonFreeze.cpp">
      <Filter>源文件</Filter>
    </ClCompile>
    <ClCompile Include="Core\Physics\ClothBody.cpp">
      <Filter>源文件</Filter>
    </ClCompile>
    <ClCompile Include="Core\Physics\ClothMeshData.cpp">
      <Filter>源文件</Filter>
    </ClCompile>
    <ClCompile Include="Actors\ClothActor.cpp">
      <Filter>源文件</Filter>
    </ClCompile>
    <ClCompile Include="Core\Editor\ClothActorEditor.cpp">
      <Filter>源文件</Filter>
    </ClCompile>
    <ClCompile Include="Core\GUI\GUIUtility.cpp">
      <Filter>源文件</Filter>
    </ClCompile>
    <ClCompile Include="Core\Utility\Guid.cpp">
      <Filter>源文件</Filter>
    </ClCompile>
    <ClCompile Include="Core\Utility\Decimal.cpp">
      <Filter>源文件</Filter>
    </ClCompile>
    <ClCompile Include="Core\Base.cpp">
      <Filter>源文件</Filter>
    </ClCompile>
    <ClCompile Include="Core\Timeline\TimelinePlayable.cpp">
      <Filter>源文件</Filter>
    </ClCompile>
    <ClCompile Include="Core\Timeline\TimelineTrack.cpp">
      <Filter>源文件</Filter>
    </ClCompile>
    <ClCompile Include="Core\Timeline\TimelineClip.cpp">
      <Filter>源文件</Filter>
    </ClCompile>
    <ClCompile Include="Core\Timeline\AnimationPlayable.cpp">
      <Filter>源文件</Filter>
    </ClCompile>
    <ClCompile Include="Core\Timeline\AnimationTrack.cpp">
      <Filter>源文件</Filter>
    </ClCompile>
    <ClCompile Include="Core\Editor\BaseEditor.cpp">
      <Filter>源文件</Filter>
    </ClCompile>
    <ClCompile Include="Core\Timeline\TimelinePlayer.cpp">
      <Filter>源文件</Filter>
    </ClCompile>
    <ClCompile Include="Core\Timeline\Timeline.cpp">
      <Filter>源文件</Filter>
    </ClCompile>
    <ClCompile Include="Core\Timeline\TimelineEditor.cpp">
      <Filter>源文件</Filter>
    </ClCompile>
    <ClCompile Include="Core\Timeline\TimelineWindow.cpp">
      <Filter>源文件</Filter>
    </ClCompile>
    <ClCompile Include="Core\Timeline\TimelineTrackEditor.cpp">
      <Filter>源文件</Filter>
    </ClCompile>
    <ClCompile Include="Core\Timeline\TimelineEditorInfo.cpp">
      <Filter>源文件</Filter>
    </ClCompile>
    <ClCompile Include="Core\Timeline\AnimationTrackEditor.cpp">
      <Filter>源文件</Filter>
    </ClCompile>
    <ClCompile Include="Core\Timeline\AudioPlayable.cpp">
      <Filter>源文件</Filter>
    </ClCompile>
    <ClCompile Include="Core\Timeline\AudioTrack.cpp">
      <Filter>源文件</Filter>
    </ClCompile>
    <ClCompile Include="Core\Timeline\AudioTrackEditor.cpp">
      <Filter>源文件</Filter>
    </ClCompile>
    <ClCompile Include="Core\Timeline\ShotTrack.cpp">
      <Filter>源文件</Filter>
    </ClCompile>
    <ClCompile Include="Core\Timeline\ShotPlayable.cpp">
      <Filter>源文件</Filter>
    </ClCompile>
    <ClCompile Include="Core\Timeline\ShotTrackEditor.cpp">
      <Filter>源文件</Filter>
    </ClCompile>
    <ClCompile Include="Core\Timeline\TimelineClipEditor.cpp">
      <Filter>源文件</Filter>
    </ClCompile>
    <ClCompile Include="Core\Timeline\TimelinePlayableEditor.cpp">
      <Filter>源文件</Filter>
    </ClCompile>
    <ClCompile Include="Core\Timeline\AnimationPlayableEditor.cpp">
      <Filter>源文件</Filter>
    </ClCompile>
    <ClCompile Include="Core\Timeline\AudioPlayableEditor.cpp">
      <Filter>源文件</Filter>
    </ClCompile>
    <ClCompile Include="Core\Timeline\ShotPlayableEditor.cpp">
      <Filter>源文件</Filter>
    </ClCompile>
    <ClCompile Include="Core\Utility\EngineUtility.cpp">
      <Filter>源文件</Filter>
    </ClCompile>
    <ClCompile Include="Core\Skeleton\Skeleton.cpp">
      <Filter>源文件</Filter>
    </ClCompile>
    <ClCompile Include="Core\Skeleton\TwoBoneIKConstraint.cpp">
      <Filter>源文件</Filter>
    </ClCompile>
    <ClCompile Include="Core\Skeleton\BoneConstraint.cpp">
      <Filter>源文件</Filter>
    </ClCompile>
    <ClCompile Include="Core\Skeleton\TwoBoneIKConstraintEditor.cpp">
      <Filter>源文件</Filter>
    </ClCompile>
    <ClCompile Include="Core\Skeleton\BoneConstraintEditor.cpp">
      <Filter>源文件</Filter>
    </ClCompile>
    <ClCompile Include="Core\Skeleton\BoneParentConstraint.cpp">
      <Filter>源文件</Filter>
    </ClCompile>
    <ClCompile Include="Core\Skeleton\BoneParentConstraintEditor.cpp">
      <Filter>源文件</Filter>
    </ClCompile>
    <ClCompile Include="Core\Editor\PointLightEditor.cpp">
      <Filter>源文件</Filter>
    </ClCompile>
    <ClCompile Include="Core\GUI\GizmoUltility.cpp">
      <Filter>源文件</Filter>
    </ClCompile>
    <ClCompile Include="Core\ObjectUltility.cpp">
      <Filter>源文件</Filter>
    </ClCompile>
    <ClCompile Include="Core\ShaderCode\ShaderCompiler.cpp">
      <Filter>源文件</Filter>
    </ClCompile>
    <ClCompile Include="Core\ShaderCode\ShaderAdapterCompiler.cpp">
      <Filter>源文件</Filter>
    </ClCompile>
    <ClCompile Include="Core\GUI\ShaderManagerWindow.cpp">
      <Filter>源文件</Filter>
    </ClCompile>
    <ClCompile Include="Spine2D\Spine2DActor.cpp">
      <Filter>源文件</Filter>
    </ClCompile>
    <ClCompile Include="Spine2D\Spine2DConfig.cpp">
      <Filter>源文件</Filter>
    </ClCompile>
    <ClCompile Include="Spine2D\Spine2DMeshData.cpp">
      <Filter>源文件</Filter>
    </ClCompile>
    <ClCompile Include="Spine2D\Spine2DModel.cpp">
      <Filter>源文件</Filter>
    </ClCompile>
    <ClCompile Include="Spine2D\Spine2DRender.cpp">
      <Filter>源文件</Filter>
    </ClCompile>
    <ClCompile Include="Spine2D\Spine2DActorEditor.cpp">
      <Filter>源文件</Filter>
    </ClCompile>
    <ClCompile Include="Core\Animation\AnimationClip.cpp">
      <Filter>源文件\Core</Filter>
    </ClCompile>
    <ClCompile Include="Core\Animation\AnimationPose.cpp">
      <Filter>源文件\Core</Filter>
    </ClCompile>
    <ClCompile Include="Core\Animation\AnimationPoseGraph.cpp">
      <Filter>源文件</Filter>
    </ClCompile>
    <ClCompile Include="Core\Animation\AnimationPoseNode.cpp">
      <Filter>源文件</Filter>
    </ClCompile>
    <ClCompile Include="Core\Graph\Graph.cpp">
      <Filter>源文件</Filter>
    </ClCompile>
    <ClCompile Include="Core\Graph\Node.cpp">
      <Filter>源文件</Filter>
    </ClCompile>
    <ClCompile Include="Core\Graph\GraphBaseEditor.cpp">
      <Filter>源文件</Filter>
    </ClCompile>
    <ClCompile Include="Core\Graph\GraphPinEditor.cpp">
      <Filter>源文件</Filter>
    </ClCompile>
    <ClCompile Include="ThirdParty\ImGui\ImGuiNodeEditor\crude_json.cpp">
      <Filter>源文件</Filter>
    </ClCompile>
    <ClCompile Include="ThirdParty\ImGui\ImGuiNodeEditor\imgui_canvas.cpp">
      <Filter>源文件</Filter>
    </ClCompile>
    <ClCompile Include="ThirdParty\ImGui\ImGuiNodeEditor\imgui_node_editor.cpp">
      <Filter>源文件</Filter>
    </ClCompile>
    <ClCompile Include="ThirdParty\ImGui\ImGuiNodeEditor\imgui_node_editor_api.cpp">
      <Filter>源文件</Filter>
    </ClCompile>
    <ClCompile Include="ThirdParty\ImGui\ImGuiNodeEditor\Builders.cpp">
      <Filter>源文件</Filter>
    </ClCompile>
    <ClCompile Include="ThirdParty\ImGui\ImGuiNodeEditor\Widgets.cpp">
      <Filter>源文件</Filter>
    </ClCompile>
    <ClCompile Include="ThirdParty\ImGui\ImGuiNodeEditor\Drawing.cpp">
      <Filter>源文件</Filter>
    </ClCompile>
    <ClCompile Include="Core\Graph\GraphNodeEditor.cpp">
      <Filter>源文件</Filter>
    </ClCompile>
    <ClCompile Include="Core\Graph\GraphEditor.cpp">
      <Filter>源文件</Filter>
    </ClCompile>
    <ClCompile Include="Core\Graph\GraphWindow.cpp">
      <Filter>源文件</Filter>
    </ClCompile>
    <ClCompile Include="Core\Graph\MathNode.cpp">
      <Filter>源文件</Filter>
    </ClCompile>
    <ClCompile Include="Core\Graph\FlowNode.cpp">
      <Filter>源文件</Filter>
    </ClCompile>
    <ClCompile Include="Core\Graph\Variable.cpp">
      <Filter>源文件</Filter>
    </ClCompile>
    <ClCompile Include="Core\Graph\ValuePin.cpp">
      <Filter>源文件</Filter>
    </ClCompile>
    <ClCompile Include="Core\Graph\ValuePinEditor.cpp">
      <Filter>源文件</Filter>
    </ClCompile>
    <ClCompile Include="Core\Graph\StringUtilityNode.cpp">
      <Filter>源文件</Filter>
    </ClCompile>
    <ClCompile Include="Core\Graph\MathNodeEditor.cpp">
      <Filter>源文件</Filter>
    </ClCompile>
    <ClCompile Include="Core\Graph\VariableEditor.cpp">
      <Filter>源文件</Filter>
    </ClCompile>
    <ClCompile Include="Core\Graph\GraphAssetInfo.cpp">
      <Filter>源文件</Filter>
    </ClCompile>
    <ClCompile Include="Core\Graph\ObjectNode.cpp">
      <Filter>源文件</Filter>
    </ClCompile>
    <ClCompile Include="Core\Graph\ObjectNodeEditor.cpp">
      <Filter>源文件</Filter>
    </ClCompile>
    <ClCompile Include="Core\Graph\InputNode.cpp">
      <Filter>源文件</Filter>
    </ClCompile>
    <ClCompile Include="Core\Script\PythonObjectBehaviorEditor.cpp">
      <Filter>源文件</Filter>
    </ClCompile>
    <ClCompile Include="Core\Graph\ObjectGraph.cpp">
      <Filter>源文件</Filter>
    </ClCompile>
    <ClCompile Include="Core\Graph\ObjectGraphEditor.cpp">
      <Filter>源文件</Filter>
    </ClCompile>
    <ClCompile Include="Core\Graph\FlowNodeEditor.cpp">
      <Filter>源文件</Filter>
    </ClCompile>
    <ClCompile Include="Core\Graph\ValueNode.cpp">
      <Filter>源文件</Filter>
    </ClCompile>
    <ClCompile Include="Core\Graph\ValueNodeEditor.cpp">
      <Filter>源文件</Filter>
    </ClCompile>
    <ClCompile Include="Core\Animation\AnimationPoseNodeEditor.cpp">
      <Filter>源文件</Filter>
    </ClCompile>
    <ClCompile Include="Core\Graph\ObjectNodes\TransformNode.cpp">
      <Filter>源文件</Filter>
    </ClCompile>
    <ClCompile Include="Core\Graph\ObjectNodes\ActorNode.cpp">
      <Filter>源文件</Filter>
    </ClCompile>
    <ClCompile Include="Core\Graph\ObjectNodes\SkeletonMeshActorNode.cpp">
      <Filter>源文件</Filter>
    </ClCompile>
    <ClCompile Include="Core\Graph\StateMachine\StateNode.cpp">
      <Filter>源文件</Filter>
    </ClCompile>
    <ClCompile Include="Core\Graph\StateMachine\StateMachine.cpp">
      <Filter>源文件</Filter>
    </ClCompile>
    <ClCompile Include="Core\Animation\AnimationState.cpp">
      <Filter>源文件</Filter>
    </ClCompile>
    <ClCompile Include="Core\Animation\AnimationStateMachine.cpp">
      <Filter>源文件</Filter>
    </ClCompile>
    <ClCompile Include="Core\Graph\StateMachine\StateNodeEditor.cpp">
      <Filter>源文件</Filter>
    </ClCompile>
    <ClCompile Include="Core\Graph\StateMachine\StateMachineEditor.cpp">
      <Filter>源文件</Filter>
    </ClCompile>
    <ClCompile Include="Core\Animation\AnimationStateEditor.cpp">
      <Filter>源文件</Filter>
    </ClCompile>
    <ClCompile Include="Core\Character.cpp">
      <Filter>源文件</Filter>
    </ClCompile>
    <ClCompile Include="Core\Editor\ParticleSystemEditor.cpp">
      <Filter>源文件</Filter>
    </ClCompile>
    <ClCompile Include="Core\Editor\CharacterEditor.cpp">
      <Filter>源文件</Filter>
    </ClCompile>
    <ClCompile Include="Core\Graph\ObjectNodes\CharacterNode.cpp">
      <Filter>源文件</Filter>
    </ClCompile>
    <ClCompile Include="ThirdParty\ImGui\imgui_tables.cpp">
      <Filter>源文件</Filter>
    </ClCompile>
    <ClCompile Include="Core\Graph\ObjectNodes\PhysicsNode.cpp">
      <Filter>源文件</Filter>
    </ClCompile>
    <ClCompile Include="Core\Utility\MathUtility.cpp">
      <Filter>源文件</Filter>
    </ClCompile>
    <ClCompile Include="Core\Terrain\TerrainRender.cpp">
      <Filter>源文件</Filter>
    </ClCompile>
    <ClCompile Include="Core\Terrain\TerrainGeometry.cpp">
      <Filter>源文件</Filter>
    </ClCompile>
    <ClCompile Include="Core\Terrain\TerrainActor.cpp">
      <Filter>源文件</Filter>
    </ClCompile>
    <ClCompile Include="Core\Terrain\TerrainGeometryEditor.cpp">
      <Filter>源文件</Filter>
    </ClCompile>
    <ClCompile Include="Core\Terrain\TerrainActorEditor.cpp">
      <Filter>源文件</Filter>
    </ClCompile>
    <ClCompile Include="Core\IRendering.cpp">
      <Filter>源文件</Filter>
    </ClCompile>
    <ClCompile Include="Vendors\DXGI_Helper.cpp">
      <Filter>源文件</Filter>
    </ClCompile>
    <ClCompile Include="Core\PostProcess\BlurPass.cpp">
      <Filter>源文件</Filter>
    </ClCompile>
    <ClCompile Include="Core\RenderCore\RenderTask.cpp">
      <Filter>源文件</Filter>
    </ClCompile>
  </ItemGroup>
  <ItemGroup>
    <ResourceCompile Include="BraneEngineDx.rc">
      <Filter>资源文件</Filter>
    </ResourceCompile>
  </ItemGroup>
  <ItemGroup>
    <Image Include="Icon\Logo.ico">
      <Filter>资源文件</Filter>
    </Image>
  </ItemGroup>
  <ItemGroup>
    <None Include="ThirdParty\ImGui\ImGuiNodeEditor\imgui_bezier_math.inl">
      <Filter>头文件</Filter>
    </None>
    <None Include="ThirdParty\ImGui\ImGuiNodeEditor\imgui_extra_math.inl">
      <Filter>头文件</Filter>
    </None>
    <None Include="ThirdParty\ImGui\ImGuiNodeEditor\imgui_node_editor_internal.inl">
      <Filter>头文件</Filter>
    </None>
  </ItemGroup>
</Project>