<?xml version="1.0" encoding="utf-8"?>
<Project ToolsVersion="4.0" xmlns="http://schemas.microsoft.com/developer/msbuild/2003">
  <ItemGroup>
    <Filter Include="源文件">
      <UniqueIdentifier>{4FC737F1-C7A5-4376-A066-2A32D752A2FF}</UniqueIdentifier>
      <Extensions>cpp;c;cc;cxx;c++;cppm;ixx;def;odl;idl;hpj;bat;asm;asmx</Extensions>
    </Filter>
    <Filter Include="头文件">
      <UniqueIdentifier>{93995380-89BD-4b04-88EB-625FBE52EBFB}</UniqueIdentifier>
      <Extensions>h;hh;hpp;hxx;h++;hm;inl;inc;ipp;xsd</Extensions>
    </Filter>
    <Filter Include="资源文件">
      <UniqueIdentifier>{67DA6AB6-F800-4c08-8B7A-83BB121AAD01}</UniqueIdentifier>
      <Extensions>rc;ico;cur;bmp;dlg;rc2;rct;bin;rgs;gif;jpg;jpeg;jpe;resx;tiff;tif;png;wav;mfcribbon-ms</Extensions>
    </Filter>
    <Filter Include="头文件\ThirdParty">
      <UniqueIdentifier>{369c32d0-2e6c-4fa8-bf12-5dd96c698c82}</UniqueIdentifier>
    </Filter>
    <Filter Include="头文件\ThirdParty\ImGui">
      <UniqueIdentifier>{47b55a7a-9991-4e87-9685-601362713af2}</UniqueIdentifier>
    </Filter>
    <Filter Include="头文件\ThirdParty\STB">
      <UniqueIdentifier>{933facd8-57f5-48b5-a118-8bf7a3b02a4b}</UniqueIdentifier>
    </Filter>
    <Filter Include="源文件\ThirdParty">
      <UniqueIdentifier>{2aefd0e1-98b2-4f72-b5be-14cef4ba6023}</UniqueIdentifier>
    </Filter>
    <Filter Include="源文件\ThirdParty\ImGui">
      <UniqueIdentifier>{13952b90-e846-4259-a4e2-9c8e081014da}</UniqueIdentifier>
    </Filter>
    <Filter Include="头文件\Core">
      <UniqueIdentifier>{e686d319-cde4-4041-bd81-f0788ea64899}</UniqueIdentifier>
    </Filter>
    <Filter Include="源文件\Core">
      <UniqueIdentifier>{547d2df8-0f7a-4c1e-bda3-124093a67cf0}</UniqueIdentifier>
    </Filter>
    <Filter Include="源文件\Vendors">
      <UniqueIdentifier>{f11c8471-19de-47e4-80a4-59d8d86e164a}</UniqueIdentifier>
    </Filter>
    <Filter Include="源文件\Vendors\DX11">
      <UniqueIdentifier>{b9dc1617-ad30-4076-8e05-ffd4cde9eb0a}</UniqueIdentifier>
    </Filter>
    <Filter Include="头文件\Vendors">
      <UniqueIdentifier>{4d3f5fed-868d-4c7c-a7c9-1fe2f933d96e}</UniqueIdentifier>
    </Filter>
    <Filter Include="头文件\Vendors\DX11">
      <UniqueIdentifier>{6b41ebf2-c0a8-46b7-9ec2-c64ba460eed9}</UniqueIdentifier>
    </Filter>
  </ItemGroup>
  <ItemGroup>
    <ClInclude Include="ThirdParty\ImGui\imconfig.h">
      <Filter>头文件\ThirdParty\ImGui</Filter>
    </ClInclude>
    <ClInclude Include="ThirdParty\ImGui\imgui.h">
      <Filter>头文件\ThirdParty\ImGui</Filter>
    </ClInclude>
    <ClInclude Include="ThirdParty\ImGui\imgui_internal.h">
      <Filter>头文件\ThirdParty\ImGui</Filter>
    </ClInclude>
    <ClInclude Include="ThirdParty\ImGui\imgui_stdlib.h">
      <Filter>头文件\ThirdParty\ImGui</Filter>
    </ClInclude>
    <ClInclude Include="ThirdParty\ImGui\imstb_textedit.h">
      <Filter>头文件\ThirdParty\ImGui</Filter>
    </ClInclude>
    <ClInclude Include="ThirdParty\ImGui\imstb_rectpack.h">
      <Filter>头文件\ThirdParty\ImGui</Filter>
    </ClInclude>
    <ClInclude Include="ThirdParty\ImGui\imstb_truetype.h">
      <Filter>头文件\ThirdParty\ImGui</Filter>
    </ClInclude>
    <ClInclude Include="ThirdParty\STB\stb_image.h">
      <Filter>头文件\ThirdParty\STB</Filter>
    </ClInclude>
    <ClInclude Include="ThirdParty\STB\stb_image_write.h">
      <Filter>头文件\ThirdParty\STB</Filter>
    </ClInclude>
    <ClInclude Include="ThirdParty\ImGui\ImGuizmo.h">
      <Filter>头文件\ThirdParty\ImGui</Filter>
    </ClInclude>
    <ClInclude Include="Core\Brane.h">
      <Filter>头文件\Core</Filter>
    </ClInclude>
    <ClInclude Include="Core\Config.h">
      <Filter>头文件\Core</Filter>
    </ClInclude>
    <ClInclude Include="Core\Console.h">
      <Filter>头文件\Core</Filter>
    </ClInclude>
    <ClInclude Include="Core\Curve.h">
      <Filter>头文件\Core</Filter>
    </ClInclude>
    <ClInclude Include="Core\Events.h">
      <Filter>头文件\Core</Filter>
    </ClInclude>
    <ClInclude Include="Core\Object.h">
      <Filter>头文件\Core</Filter>
    </ClInclude>
    <ClInclude Include="Core\Unit.h">
      <Filter>头文件\Core</Filter>
    </ClInclude>
    <ClInclude Include="Core\Utility.h">
      <Filter>头文件\Core</Filter>
    </ClInclude>
    <ClInclude Include="Core\Serialization.h">
      <Filter>头文件\Core</Filter>
    </ClInclude>
    <ClInclude Include="Core\MathLibrary.h">
      <Filter>头文件\Core</Filter>
    </ClInclude>
    <ClInclude Include="Core\Shape.h">
      <Filter>头文件\Core</Filter>
    </ClInclude>
    <ClInclude Include="Core\Transform.h">
      <Filter>头文件\Core</Filter>
    </ClInclude>
    <ClInclude Include="Core\SkeletonPose.h">
      <Filter>头文件\Core</Filter>
    </ClInclude>
    <ClInclude Include="Core\AnimationClip.h">
      <Filter>头文件\Core</Filter>
    </ClInclude>
    <ClInclude Include="Core\Camera.h">
      <Filter>头文件\Core</Filter>
    </ClInclude>
    <ClInclude Include="Core\CameraRender.h">
      <Filter>头文件\Core</Filter>
    </ClInclude>
    <ClInclude Include="Core\Render.h">
      <Filter>头文件\Core</Filter>
    </ClInclude>
    <ClInclude Include="Core\Asset.h">
      <Filter>头文件\Core</Filter>
    </ClInclude>
    <ClInclude Include="Core\Engine.h">
      <Filter>头文件\Core</Filter>
    </ClInclude>
    <ClInclude Include="Core\Input.h">
      <Filter>头文件\Core</Filter>
    </ClInclude>
    <ClInclude Include="Core\IRendering.h">
      <Filter>头文件\Core</Filter>
    </ClInclude>
    <ClInclude Include="Core\ITexture.h">
      <Filter>头文件\Core</Filter>
    </ClInclude>
    <ClInclude Include="Core\IVendor.h">
      <Filter>头文件\Core</Filter>
    </ClInclude>
    <ClInclude Include="Core\SkeletonMesh.h">
      <Filter>头文件\Core</Filter>
    </ClInclude>
    <ClInclude Include="Core\World.h">
      <Filter>头文件\Core</Filter>
    </ClInclude>
    <ClInclude Include="Vendors\DX11\DX11Vendor.h">
      <Filter>头文件\Vendors\DX11</Filter>
    </ClInclude>
    <ClInclude Include="Vendors\DX11\DX11.h">
      <Filter>头文件\Vendors\DX11</Filter>
    </ClInclude>
    <ClInclude Include="Vendors\DX11\DX11Texture2D.h">
      <Filter>头文件\Vendors\DX11</Filter>
    </ClInclude>
    <ClInclude Include="Vendors\DX11\imgui_impl_win32.h">
      <Filter>头文件\Vendors\DX11</Filter>
    </ClInclude>
    <ClInclude Include="Vendors\DX11\imgui_impl_dx11.h">
      <Filter>头文件\Vendors\DX11</Filter>
    </ClInclude>
    <ClInclude Include="resource.h">
      <Filter>头文件</Filter>
    </ClInclude>
    <ClInclude Include="Core\Texture2D.h">
      <Filter>头文件\Core</Filter>
    </ClInclude>
    <ClInclude Include="Core\Material.h">
      <Filter>头文件\Core</Filter>
    </ClInclude>
    <ClInclude Include="Core\Mesh.h">
      <Filter>头文件\Core</Filter>
    </ClInclude>
    <ClInclude Include="Core\Shader.h">
      <Filter>头文件\Core</Filter>
    </ClInclude>
    <ClInclude Include="Core\ShaderStage.h">
      <Filter>头文件\Core</Filter>
    </ClInclude>
    <ClInclude Include="Core\Texture.h">
      <Filter>头文件\Core</Filter>
    </ClInclude>
    <ClInclude Include="Vendors\DX11\DX11ShaderStage.h">
      <Filter>头文件</Filter>
    </ClInclude>
    <ClInclude Include="Core\RenderTarget.h">
      <Filter>头文件</Filter>
    </ClInclude>
    <ClInclude Include="Core\IMaterial.h">
      <Filter>头文件</Filter>
    </ClInclude>
    <ClInclude Include="Core\GPUBuffer.h">
      <Filter>头文件</Filter>
    </ClInclude>
    <ClInclude Include="Core\IGPUBuffer.h">
      <Filter>头文件</Filter>
    </ClInclude>
    <ClInclude Include="Vendors\DX11\DX11GPUBuffer.h">
      <Filter>头文件</Filter>
    </ClInclude>
    <ClInclude Include="Vendors\DX11\DX11Material.h">
      <Filter>头文件</Filter>
    </ClInclude>
    <ClInclude Include="Core\IRenderTarget.h">
      <Filter>头文件</Filter>
    </ClInclude>
    <ClInclude Include="Vendors\DX11\DX11RenderTarget.h">
      <Filter>头文件</Filter>
    </ClInclude>
    <ClInclude Include="Core\Geometry.h">
      <Filter>头文件</Filter>
    </ClInclude>
    <ClInclude Include="Core\Importer.h">
      <Filter>头文件</Filter>
    </ClInclude>
    <ClInclude Include="Vendors\DX11\DX11MeshData.h">
      <Filter>头文件</Filter>
    </ClInclude>
    <ClInclude Include="Core\MeshData.h">
      <Filter>头文件</Filter>
    </ClInclude>
    <ClInclude Include="Core\SkeletonMeshData.h">
      <Filter>头文件</Filter>
    </ClInclude>
    <ClInclude Include="Vendors\DX11\DX11SkeletonMeshData.h">
      <Filter>头文件</Filter>
    </ClInclude>
    <ClInclude Include="Core\RenderPool.h">
      <Filter>头文件</Filter>
    </ClInclude>
    <ClInclude Include="Core\RenderCommandList.h">
      <Filter>头文件</Filter>
    </ClInclude>
    <ClInclude Include="Core\GUI\GUI.h">
      <Filter>头文件</Filter>
    </ClInclude>
    <ClInclude Include="Core\GUI\UIControl.h">
      <Filter>头文件</Filter>
    </ClInclude>
    <ClInclude Include="Core\GUI\UIWindow.h">
      <Filter>头文件</Filter>
    </ClInclude>
    <ClInclude Include="Core\PointLight.h">
      <Filter>头文件</Filter>
    </ClInclude>
    <ClInclude Include="Core\DirectLight.h">
      <Filter>头文件</Filter>
    </ClInclude>
    <ClInclude Include="Core\Light.h">
      <Filter>头文件</Filter>
    </ClInclude>
    <ClInclude Include="Core\ShadowCameraRender.h">
      <Filter>头文件</Filter>
    </ClInclude>
    <ClInclude Include="Core\ShadowCamera.h">
      <Filter>头文件</Filter>
    </ClInclude>
    <ClInclude Include="Vendors\DX11\DX11RenderExecution.h">
      <Filter>头文件</Filter>
    </ClInclude>
    <ClInclude Include="Core\IRenderExecution.h">
      <Filter>头文件</Filter>
    </ClInclude>
    <ClInclude Include="Core\StaticVar.h">
      <Filter>头文件</Filter>
    </ClInclude>
    <ClInclude Include="Core\GUI\AssetBrowser.h">
      <Filter>头文件</Filter>
    </ClInclude>
    <ClInclude Include="Core\GUI\AssetLoadWindow.h">
      <Filter>头文件</Filter>
    </ClInclude>
    <ClInclude Include="Core\GUI\BlendSpaceWindow.h">
      <Filter>头文件</Filter>
    </ClInclude>
    <ClInclude Include="Core\GUI\ConsoleWindow.h">
      <Filter>头文件</Filter>
    </ClInclude>
    <ClInclude Include="Core\GUI\DebugLogWindow.h">
      <Filter>头文件</Filter>
    </ClInclude>
    <ClInclude Include="Core\GUI\EditorWindow.h">
      <Filter>头文件</Filter>
    </ClInclude>
    <ClInclude Include="Core\GUI\InspectorWindow.h">
      <Filter>头文件</Filter>
    </ClInclude>
    <ClInclude Include="Core\GUI\MaterialWindow.h">
      <Filter>头文件</Filter>
    </ClInclude>
    <ClInclude Include="Core\GUI\TextureViewer.h">
      <Filter>头文件</Filter>
    </ClInclude>
    <ClInclude Include="Core\GUI\SerializationEditor.h">
      <Filter>头文件</Filter>
    </ClInclude>
    <ClInclude Include="Core\Actor.h">
      <Filter>头文件</Filter>
    </ClInclude>
    <ClInclude Include="Core\GrassMeshActor.h">
      <Filter>头文件</Filter>
    </ClInclude>
    <ClInclude Include="Core\MeshActor.h">
      <Filter>头文件</Filter>
    </ClInclude>
    <ClInclude Include="Core\MeshRender.h">
      <Filter>头文件</Filter>
    </ClInclude>
    <ClInclude Include="Core\SkeletonMeshActor.h">
      <Filter>头文件</Filter>
    </ClInclude>
    <ClInclude Include="Core\SkeletonMeshRender.h">
      <Filter>头文件</Filter>
    </ClInclude>
    <ClInclude Include="Core\Bone.h">
      <Filter>头文件</Filter>
    </ClInclude>
    <ClInclude Include="Cameras\DebugCamera.h">
      <Filter>头文件</Filter>
    </ClInclude>
    <ClInclude Include="Actors\SkySphere.h">
      <Filter>头文件</Filter>
    </ClInclude>
    <ClInclude Include="Core\PostProcess\PostProcessCameraRender.h">
      <Filter>头文件</Filter>
    </ClInclude>
    <ClInclude Include="Core\PostProcess\PostProcessGraph.h">
      <Filter>头文件</Filter>
    </ClInclude>
    <ClInclude Include="Core\PostProcess\PostProcessingCamera.h">
      <Filter>头文件</Filter>
    </ClInclude>
    <ClInclude Include="Core\PostProcess\PostProcessPass.h">
      <Filter>头文件</Filter>
    </ClInclude>
    <ClInclude Include="Core\PostProcess\BlitPass.h">
      <Filter>头文件</Filter>
    </ClInclude>
    <ClInclude Include="Core\PostProcess\BloomPass.h">
      <Filter>头文件</Filter>
    </ClInclude>
    <ClInclude Include="Core\PostProcess\DOFPass.h">
      <Filter>头文件</Filter>
    </ClInclude>
    <ClInclude Include="Core\PostProcess\SSAOPass.h">
      <Filter>头文件</Filter>
    </ClInclude>
    <ClInclude Include="Core\PostProcess\ToneMapPass.h">
      <Filter>头文件</Filter>
    </ClInclude>
    <ClInclude Include="Core\GUI\WindowsUI\LoadingUI.h">
      <Filter>头文件</Filter>
    </ClInclude>
    <ClInclude Include="Core\AudioSource.h">
      <Filter>头文件</Filter>
    </ClInclude>
    <ClInclude Include="Core\GUI\MatBranchModifier.h">
      <Filter>头文件</Filter>
    </ClInclude>
    <ClInclude Include="Core\GUI\ESCMenu.h">
      <Filter>头文件</Filter>
    </ClInclude>
  </ItemGroup>
  <ItemGroup>
    <ClCompile Include="ThirdParty\ImGui\imgui.cpp">
      <Filter>源文件\ThirdParty\ImGui</Filter>
    </ClCompile>
    <ClCompile Include="ThirdParty\ImGui\imgui_demo.cpp">
      <Filter>源文件\ThirdParty\ImGui</Filter>
    </ClCompile>
    <ClCompile Include="ThirdParty\ImGui\imgui_draw.cpp">
      <Filter>源文件\ThirdParty\ImGui</Filter>
    </ClCompile>
    <ClCompile Include="ThirdParty\ImGui\imgui_stdlib.cpp">
      <Filter>源文件\ThirdParty\ImGui</Filter>
    </ClCompile>
    <ClCompile Include="ThirdParty\ImGui\imgui_widgets.cpp">
      <Filter>源文件\ThirdParty\ImGui</Filter>
    </ClCompile>
    <ClCompile Include="ThirdParty\ImGui\ImGuizmo.cpp">
      <Filter>源文件\ThirdParty\ImGui</Filter>
    </ClCompile>
    <ClCompile Include="Core\Brane.cpp">
      <Filter>源文件\Core</Filter>
    </ClCompile>
    <ClCompile Include="Core\Console.cpp">
      <Filter>源文件\Core</Filter>
    </ClCompile>
    <ClCompile Include="Core\Events.cpp">
      <Filter>源文件\Core</Filter>
    </ClCompile>
    <ClCompile Include="Core\Object.cpp">
      <Filter>源文件\Core</Filter>
    </ClCompile>
    <ClCompile Include="Core\Unit.cpp">
      <Filter>源文件\Core</Filter>
    </ClCompile>
    <ClCompile Include="Core\Utility.cpp">
      <Filter>源文件\Core</Filter>
    </ClCompile>
    <ClCompile Include="Core\Serialization.cpp">
      <Filter>源文件\Core</Filter>
    </ClCompile>
    <ClCompile Include="Core\MathLibrary.cpp">
      <Filter>源文件\Core</Filter>
    </ClCompile>
    <ClCompile Include="Core\Transform.cpp">
      <Filter>源文件\Core</Filter>
    </ClCompile>
    <ClCompile Include="Core\Shape.cpp">
      <Filter>源文件\Core</Filter>
    </ClCompile>
    <ClCompile Include="Core\AnimationClip.cpp">
      <Filter>源文件\Core</Filter>
    </ClCompile>
    <ClCompile Include="Core\Camera.cpp">
      <Filter>源文件\Core</Filter>
    </ClCompile>
    <ClCompile Include="Core\CameraRender.cpp">
      <Filter>源文件\Core</Filter>
    </ClCompile>
    <ClCompile Include="Core\Render.cpp">
      <Filter>源文件\Core</Filter>
    </ClCompile>
    <ClCompile Include="Core\SkeletonPose.cpp">
      <Filter>源文件\Core</Filter>
    </ClCompile>
    <ClCompile Include="Core\Asset.cpp">
      <Filter>源文件\Core</Filter>
    </ClCompile>
    <ClCompile Include="Core\Engine.cpp">
      <Filter>源文件\Core</Filter>
    </ClCompile>
    <ClCompile Include="Core\Input.cpp">
      <Filter>源文件\Core</Filter>
    </ClCompile>
    <ClCompile Include="Core\IVendor.cpp">
      <Filter>源文件\Core</Filter>
    </ClCompile>
    <ClCompile Include="Core\SkeletonMesh.cpp">
      <Filter>源文件\Core</Filter>
    </ClCompile>
    <ClCompile Include="Core\World.cpp">
      <Filter>源文件\Core</Filter>
    </ClCompile>
    <ClCompile Include="Vendors\DX11\DX11Vendor.cpp">
      <Filter>源文件\Vendors\DX11</Filter>
    </ClCompile>
    <ClCompile Include="Vendors\DX11\DX11Texture2D.cpp">
      <Filter>源文件\Vendors\DX11</Filter>
    </ClCompile>
    <ClCompile Include="Vendors\DX11\imgui_impl_win32.cpp">
      <Filter>源文件\Vendors\DX11</Filter>
    </ClCompile>
    <ClCompile Include="Vendors\DX11\imgui_impl_dx11.cpp">
      <Filter>源文件\Vendors\DX11</Filter>
    </ClCompile>
    <ClCompile Include="Core\Texture2D.cpp">
      <Filter>源文件\Core</Filter>
    </ClCompile>
    <ClCompile Include="Core\Material.cpp">
      <Filter>源文件\Core</Filter>
    </ClCompile>
    <ClCompile Include="Core\Mesh.cpp">
      <Filter>源文件\Core</Filter>
    </ClCompile>
    <ClCompile Include="Core\Shader.cpp">
      <Filter>源文件\Core</Filter>
    </ClCompile>
    <ClCompile Include="Core\ShaderStage.cpp">
      <Filter>源文件\Core</Filter>
    </ClCompile>
    <ClCompile Include="Core\Texture.cpp">
      <Filter>源文件\Core</Filter>
    </ClCompile>
    <ClCompile Include="Vendors\DX11\DX11ShaderStage.cpp">
      <Filter>源文件</Filter>
    </ClCompile>
    <ClCompile Include="Core\RenderTarget.cpp">
      <Filter>源文件</Filter>
    </ClCompile>
    <ClCompile Include="Core\IMaterial.cpp">
      <Filter>源文件</Filter>
    </ClCompile>
    <ClCompile Include="Core\GPUBuffer.cpp">
      <Filter>源文件</Filter>
    </ClCompile>
    <ClCompile Include="Core\IGPUBuffer.cpp">
      <Filter>源文件</Filter>
    </ClCompile>
    <ClCompile Include="Vendors\DX11\DX11GPUBuffer.cpp">
      <Filter>源文件</Filter>
    </ClCompile>
    <ClCompile Include="Vendors\DX11\DX11Material.cpp">
      <Filter>源文件</Filter>
    </ClCompile>
    <ClCompile Include="Core\IRenderTarget.cpp">
      <Filter>源文件</Filter>
    </ClCompile>
    <ClCompile Include="Vendors\DX11\DX11RenderTarget.cpp">
      <Filter>源文件</Filter>
    </ClCompile>
    <ClCompile Include="Core\Geometry.cpp">
      <Filter>源文件</Filter>
    </ClCompile>
    <ClCompile Include="Core\Importer.cpp">
      <Filter>源文件</Filter>
    </ClCompile>
    <ClCompile Include="Vendors\DX11\DX11MeshData.cpp">
      <Filter>源文件</Filter>
    </ClCompile>
    <ClCompile Include="Core\MeshData.cpp">
      <Filter>源文件</Filter>
    </ClCompile>
    <ClCompile Include="Core\SkeletonMeshData.cpp">
      <Filter>源文件</Filter>
    </ClCompile>
    <ClCompile Include="Vendors\DX11\DX11SkeletonMeshData.cpp">
      <Filter>源文件</Filter>
    </ClCompile>
    <ClCompile Include="Core\RenderCommandList.cpp">
      <Filter>源文件</Filter>
    </ClCompile>
    <ClCompile Include="Core\RenderPool.cpp">
      <Filter>源文件</Filter>
    </ClCompile>
    <ClCompile Include="Core\GUI\GUI.cpp">
      <Filter>源文件</Filter>
    </ClCompile>
    <ClCompile Include="Core\GUI\UIControl.cpp">
      <Filter>源文件</Filter>
    </ClCompile>
    <ClCompile Include="Core\GUI\UIWindow.cpp">
      <Filter>源文件</Filter>
    </ClCompile>
    <ClCompile Include="Core\PointLight.cpp">
      <Filter>源文件</Filter>
    </ClCompile>
    <ClCompile Include="Core\Directlight.cpp">
      <Filter>源文件</Filter>
    </ClCompile>
    <ClCompile Include="Core\Light.cpp">
      <Filter>源文件</Filter>
    </ClCompile>
    <ClCompile Include="Core\ShadowCamera.cpp">
      <Filter>源文件</Filter>
    </ClCompile>
    <ClCompile Include="Core\ShadowCameraRender.cpp">
      <Filter>源文件</Filter>
    </ClCompile>
    <ClCompile Include="Vendors\DX11\DX11RenderExecution.cpp">
      <Filter>源文件</Filter>
    </ClCompile>
    <ClCompile Include="Core\IRenderExecution.cpp">
      <Filter>源文件</Filter>
    </ClCompile>
    <ClCompile Include="Vendors\DX11\DX11.cpp">
      <Filter>源文件</Filter>
    </ClCompile>
    <ClCompile Include="initial.cpp">
      <Filter>源文件</Filter>
    </ClCompile>
    <ClCompile Include="tool.cpp">
      <Filter>源文件</Filter>
    </ClCompile>
    <ClCompile Include="Core\GUI\AssetBrowser.cpp">
      <Filter>源文件</Filter>
    </ClCompile>
    <ClCompile Include="Core\GUI\AssetLoadWindow.cpp">
      <Filter>源文件</Filter>
    </ClCompile>
    <ClCompile Include="Core\GUI\BlendSpaceWindow.cpp">
      <Filter>源文件</Filter>
    </ClCompile>
    <ClCompile Include="Core\GUI\ConsoleWindow.cpp">
      <Filter>源文件</Filter>
    </ClCompile>
    <ClCompile Include="Core\GUI\DebugLogWindow.cpp">
      <Filter>源文件</Filter>
    </ClCompile>
    <ClCompile Include="Core\GUI\EditorWindow.cpp">
      <Filter>源文件</Filter>
    </ClCompile>
    <ClCompile Include="Core\GUI\InspectorWindow.cpp">
      <Filter>源文件</Filter>
    </ClCompile>
    <ClCompile Include="Core\GUI\MaterialWindow.cpp">
      <Filter>源文件</Filter>
    </ClCompile>
    <ClCompile Include="Core\GUI\TextureViewer.cpp">
      <Filter>源文件</Filter>
    </ClCompile>
    <ClCompile Include="Core\GUI\SerializationEditor.cpp">
      <Filter>源文件</Filter>
    </ClCompile>
    <ClCompile Include="Core\Actor.cpp">
      <Filter>源文件</Filter>
    </ClCompile>
    <ClCompile Include="Core\GrassMeshActor.cpp">
      <Filter>源文件</Filter>
    </ClCompile>
    <ClCompile Include="Core\MeshActor.cpp">
      <Filter>源文件</Filter>
    </ClCompile>
    <ClCompile Include="Core\MeshRender.cpp">
      <Filter>源文件</Filter>
    </ClCompile>
    <ClCompile Include="Core\SkeletonMeshActor.cpp">
      <Filter>源文件</Filter>
    </ClCompile>
    <ClCompile Include="Core\SkeletonMeshRender.cpp">
      <Filter>源文件</Filter>
    </ClCompile>
    <ClCompile Include="Core\Bone.cpp">
      <Filter>源文件</Filter>
    </ClCompile>
    <ClCompile Include="Cameras\DebugCamera.cpp">
      <Filter>源文件</Filter>
    </ClCompile>
    <ClCompile Include="Actors\SkySphere.cpp">
      <Filter>源文件</Filter>
    </ClCompile>
    <ClCompile Include="Core\PostProcess\PostProcessCameraRender.cpp">
      <Filter>源文件</Filter>
    </ClCompile>
    <ClCompile Include="Core\PostProcess\PostProcessGraph.cpp">
      <Filter>源文件</Filter>
    </ClCompile>
    <ClCompile Include="Core\PostProcess\PostProcessingCamera.cpp">
      <Filter>源文件</Filter>
    </ClCompile>
    <ClCompile Include="Core\PostProcess\PostProcessPass.cpp">
      <Filter>源文件</Filter>
    </ClCompile>
    <ClCompile Include="Core\PostProcess\BlitPass.cpp">
      <Filter>源文件</Filter>
    </ClCompile>
    <ClCompile Include="Core\PostProcess\BloomPass.cpp">
      <Filter>源文件</Filter>
    </ClCompile>
    <ClCompile Include="Core\PostProcess\DOFPass.cpp">
      <Filter>源文件</Filter>
    </ClCompile>
    <ClCompile Include="Core\PostProcess\SSAOPass.cpp">
      <Filter>源文件</Filter>
    </ClCompile>
    <ClCompile Include="Core\PostProcess\ToneMapPass.cpp">
      <Filter>源文件</Filter>
    </ClCompile>
    <ClCompile Include="Core\GUI\WindowsUI\LoadingUI.cpp">
      <Filter>源文件</Filter>
    </ClCompile>
    <ClCompile Include="Core\AudioSource.cpp">
      <Filter>源文件</Filter>
    </ClCompile>
    <ClCompile Include="Core\GUI\MatBranchModifier.cpp">
      <Filter>源文件</Filter>
    </ClCompile>
    <ClCompile Include="Core\GUI\ESCMenu.cpp">
      <Filter>源文件</Filter>
    </ClCompile>
  </ItemGroup>
  <ItemGroup>
    <ResourceCompile Include="BraneEngineDx.rc">
      <Filter>资源文件</Filter>
    </ResourceCompile>
  </ItemGroup>
  <ItemGroup>
    <Image Include="Icon\Logo.ico">
      <Filter>资源文件</Filter>
    </Image>
  </ItemGroup>
</Project>